// !$*UTF8*$!
{
	archiveVersion = 1;
	classes = {
	};
	objectVersion = 50;
	objects = {

/* Begin PBXBuildFile section */
		B4833355212202530043709A /* AppDelegate.swift in Sources */ = {isa = PBXBuildFile; fileRef = B4833354212202530043709A /* AppDelegate.swift */; };
		B4833357212202530043709A /* ViewController.swift in Sources */ = {isa = PBXBuildFile; fileRef = B4833356212202530043709A /* ViewController.swift */; };
		B483335A212202530043709A /* Main.storyboard in Resources */ = {isa = PBXBuildFile; fileRef = B4833358212202530043709A /* Main.storyboard */; };
		B483335C212202540043709A /* Assets.xcassets in Resources */ = {isa = PBXBuildFile; fileRef = B483335B212202540043709A /* Assets.xcassets */; };
		B483335F212202540043709A /* LaunchScreen.storyboard in Resources */ = {isa = PBXBuildFile; fileRef = B483335D212202540043709A /* LaunchScreen.storyboard */; };
		F899DB6661AC5F59A17D9E8B /* Pods_AnastasiaMusic.framework in Frameworks */ = {isa = PBXBuildFile; fileRef = 0956F4DD47F6492A041019D3 /* Pods_AnastasiaMusic.framework */; };
/* End PBXBuildFile section */

/* Begin PBXFileReference section */
		0956F4DD47F6492A041019D3 /* Pods_AnastasiaMusic.framework */ = {isa = PBXFileReference; explicitFileType = wrapper.framework; includeInIndex = 0; path = Pods_AnastasiaMusic.framework; sourceTree = BUILT_PRODUCTS_DIR; };
		389DB28080B0D79313A2ECDF /* Pods-AnastasiaMusic.debug.xcconfig */ = {isa = PBXFileReference; includeInIndex = 1; lastKnownFileType = text.xcconfig; name = "Pods-AnastasiaMusic.debug.xcconfig"; path = "Pods/Target Support Files/Pods-AnastasiaMusic/Pods-AnastasiaMusic.debug.xcconfig"; sourceTree = "<group>"; };
		53093FFEDBAB524F99CED3F4 /* Pods-AnastasiaMusic.release.xcconfig */ = {isa = PBXFileReference; includeInIndex = 1; lastKnownFileType = text.xcconfig; name = "Pods-AnastasiaMusic.release.xcconfig"; path = "Pods/Target Support Files/Pods-AnastasiaMusic/Pods-AnastasiaMusic.release.xcconfig"; sourceTree = "<group>"; };
		B4833351212202530043709A /* AnastasiaMusic.app */ = {isa = PBXFileReference; explicitFileType = wrapper.application; includeInIndex = 0; path = AnastasiaMusic.app; sourceTree = BUILT_PRODUCTS_DIR; };
		B4833354212202530043709A /* AppDelegate.swift */ = {isa = PBXFileReference; lastKnownFileType = sourcecode.swift; path = AppDelegate.swift; sourceTree = "<group>"; };
		B4833356212202530043709A /* ViewController.swift */ = {isa = PBXFileReference; lastKnownFileType = sourcecode.swift; path = ViewController.swift; sourceTree = "<group>"; };
		B4833359212202530043709A /* Base */ = {isa = PBXFileReference; lastKnownFileType = file.storyboard; name = Base; path = Base.lproj/Main.storyboard; sourceTree = "<group>"; };
		B483335B212202540043709A /* Assets.xcassets */ = {isa = PBXFileReference; lastKnownFileType = folder.assetcatalog; path = Assets.xcassets; sourceTree = "<group>"; };
		B483335E212202540043709A /* Base */ = {isa = PBXFileReference; lastKnownFileType = file.storyboard; name = Base; path = Base.lproj/LaunchScreen.storyboard; sourceTree = "<group>"; };
		B4833360212202540043709A /* Info.plist */ = {isa = PBXFileReference; lastKnownFileType = text.plist.xml; path = Info.plist; sourceTree = "<group>"; };
/* End PBXFileReference section */

/* Begin PBXFrameworksBuildPhase section */
		B483334E212202530043709A /* Frameworks */ = {
			isa = PBXFrameworksBuildPhase;
			buildActionMask = 2147483647;
			files = (
				F899DB6661AC5F59A17D9E8B /* Pods_AnastasiaMusic.framework in Frameworks */,
			);
			runOnlyForDeploymentPostprocessing = 0;
		};
/* End PBXFrameworksBuildPhase section */

/* Begin PBXGroup section */
		60DF355949E7FBD53F40D11C /* Frameworks */ = {
			isa = PBXGroup;
			children = (
				0956F4DD47F6492A041019D3 /* Pods_AnastasiaMusic.framework */,
			);
			name = Frameworks;
			sourceTree = "<group>";
		};
		B4833348212202530043709A = {
			isa = PBXGroup;
			children = (
				B4833353212202530043709A /* AnastasiaMusic */,
				B4833352212202530043709A /* Products */,
				C89F356D51D48795ED652DF1 /* Pods */,
				60DF355949E7FBD53F40D11C /* Frameworks */,
			);
			sourceTree = "<group>";
		};
		B4833352212202530043709A /* Products */ = {
			isa = PBXGroup;
			children = (
				B4833351212202530043709A /* AnastasiaMusic.app */,
			);
			name = Products;
			sourceTree = "<group>";
		};
		B4833353212202530043709A /* AnastasiaMusic */ = {
			isa = PBXGroup;
			children = (
				B4833354212202530043709A /* AppDelegate.swift */,
				B4833356212202530043709A /* ViewController.swift */,
				B4833358212202530043709A /* Main.storyboard */,
				B483335B212202540043709A /* Assets.xcassets */,
				B483335D212202540043709A /* LaunchScreen.storyboard */,
				B4833360212202540043709A /* Info.plist */,
			);
			path = AnastasiaMusic;
			sourceTree = "<group>";
		};
		C89F356D51D48795ED652DF1 /* Pods */ = {
			isa = PBXGroup;
			children = (
				389DB28080B0D79313A2ECDF /* Pods-AnastasiaMusic.debug.xcconfig */,
				53093FFEDBAB524F99CED3F4 /* Pods-AnastasiaMusic.release.xcconfig */,
			);
			name = Pods;
			sourceTree = "<group>";
		};
/* End PBXGroup section */

/* Begin PBXNativeTarget section */
		B4833350212202530043709A /* AnastasiaMusic */ = {
			isa = PBXNativeTarget;
			buildConfigurationList = B4833363212202540043709A /* Build configuration list for PBXNativeTarget "AnastasiaMusic" */;
			buildPhases = (
				DF6FBFE57A9DF995D4E395C4 /* [CP] Check Pods Manifest.lock */,
				B483334D212202530043709A /* Sources */,
				B483334E212202530043709A /* Frameworks */,
				B483334F212202530043709A /* Resources */,
				07483EF5B6D9C39AC63989BB /* [CP] Embed Pods Frameworks */,
				2A422B65CB8E0A6FA2B453AE /* [CP] Copy Pods Resources */,
			);
			buildRules = (
			);
			dependencies = (
			);
			name = AnastasiaMusic;
			productName = AnastasiaMusic;
			productReference = B4833351212202530043709A /* AnastasiaMusic.app */;
			productType = "com.apple.product-type.application";
		};
/* End PBXNativeTarget section */

/* Begin PBXProject section */
		B4833349212202530043709A /* Project object */ = {
			isa = PBXProject;
			attributes = {
				LastSwiftUpdateCheck = 0940;
				LastUpgradeCheck = 0940;
				ORGANIZATIONNAME = "Yuriy Levytskyy";
				TargetAttributes = {
					B4833350212202530043709A = {
						CreatedOnToolsVersion = 9.4.1;
					};
				};
			};
			buildConfigurationList = B483334C212202530043709A /* Build configuration list for PBXProject "AnastasiaMusic" */;
			compatibilityVersion = "Xcode 9.3";
			developmentRegion = en;
			hasScannedForEncodings = 0;
			knownRegions = (
				en,
				Base,
			);
			mainGroup = B4833348212202530043709A;
			productRefGroup = B4833352212202530043709A /* Products */;
			projectDirPath = "";
			projectRoot = "";
			targets = (
				B4833350212202530043709A /* AnastasiaMusic */,
			);
		};
/* End PBXProject section */

/* Begin PBXResourcesBuildPhase section */
		B483334F212202530043709A /* Resources */ = {
			isa = PBXResourcesBuildPhase;
			buildActionMask = 2147483647;
			files = (
				B483335F212202540043709A /* LaunchScreen.storyboard in Resources */,
				B483335C212202540043709A /* Assets.xcassets in Resources */,
				B483335A212202530043709A /* Main.storyboard in Resources */,
			);
			runOnlyForDeploymentPostprocessing = 0;
		};
/* End PBXResourcesBuildPhase section */

/* Begin PBXShellScriptBuildPhase section */
		07483EF5B6D9C39AC63989BB /* [CP] Embed Pods Frameworks */ = {
			isa = PBXShellScriptBuildPhase;
			buildActionMask = 2147483647;
			files = (
			);
			inputPaths = (
				"${SRCROOT}/Pods/Target Support Files/Pods-AnastasiaMusic/Pods-AnastasiaMusic-frameworks.sh",
				"${BUILT_PRODUCTS_DIR}/YoutubeSourceParserKit/YoutubeSourceParserKit.framework",
			);
			name = "[CP] Embed Pods Frameworks";
			outputPaths = (
				"${TARGET_BUILD_DIR}/${FRAMEWORKS_FOLDER_PATH}/YoutubeSourceParserKit.framework",
			);
			runOnlyForDeploymentPostprocessing = 0;
			shellPath = /bin/sh;
			shellScript = "\"${SRCROOT}/Pods/Target Support Files/Pods-AnastasiaMusic/Pods-AnastasiaMusic-frameworks.sh\"\n";
			showEnvVarsInLog = 0;
		};
		2A422B65CB8E0A6FA2B453AE /* [CP] Copy Pods Resources */ = {
			isa = PBXShellScriptBuildPhase;
			buildActionMask = 2147483647;
			files = (
			);
			inputPaths = (
			);
			name = "[CP] Copy Pods Resources";
			outputPaths = (
			);
			runOnlyForDeploymentPostprocessing = 0;
			shellPath = /bin/sh;
			shellScript = "\"${SRCROOT}/Pods/Target Support Files/Pods-AnastasiaMusic/Pods-AnastasiaMusic-resources.sh\"\n";
			showEnvVarsInLog = 0;
		};
		DF6FBFE57A9DF995D4E395C4 /* [CP] Check Pods Manifest.lock */ = {
			isa = PBXShellScriptBuildPhase;
			buildActionMask = 2147483647;
			files = (
			);
			inputPaths = (
				"${PODS_PODFILE_DIR_PATH}/Podfile.lock",
				"${PODS_ROOT}/Manifest.lock",
			);
			name = "[CP] Check Pods Manifest.lock";
			outputPaths = (
				"$(DERIVED_FILE_DIR)/Pods-AnastasiaMusic-checkManifestLockResult.txt",
			);
			runOnlyForDeploymentPostprocessing = 0;
			shellPath = /bin/sh;
			shellScript = "diff \"${PODS_PODFILE_DIR_PATH}/Podfile.lock\" \"${PODS_ROOT}/Manifest.lock\" > /dev/null\nif [ $? != 0 ] ; then\n    # print error to STDERR\n    echo \"error: The sandbox is not in sync with the Podfile.lock. Run 'pod install' or update your CocoaPods installation.\" >&2\n    exit 1\nfi\n# This output is used by Xcode 'outputs' to avoid re-running this script phase.\necho \"SUCCESS\" > \"${SCRIPT_OUTPUT_FILE_0}\"\n";
			showEnvVarsInLog = 0;
		};
/* End PBXShellScriptBuildPhase section */

/* Begin PBXSourcesBuildPhase section */
		B483334D212202530043709A /* Sources */ = {
			isa = PBXSourcesBuildPhase;
			buildActionMask = 2147483647;
			files = (
				B4833357212202530043709A /* ViewController.swift in Sources */,
				B4833355212202530043709A /* AppDelegate.swift in Sources */,
			);
			runOnlyForDeploymentPostprocessing = 0;
		};
/* End PBXSourcesBuildPhase section */

/* Begin PBXVariantGroup section */
		B4833358212202530043709A /* Main.storyboard */ = {
			isa = PBXVariantGroup;
			children = (
				B4833359212202530043709A /* Base */,
			);
			name = Main.storyboard;
			sourceTree = "<group>";
		};
		B483335D212202540043709A /* LaunchScreen.storyboard */ = {
			isa = PBXVariantGroup;
			children = (
				B483335E212202540043709A /* Base */,
			);
			name = LaunchScreen.storyboard;
			sourceTree = "<group>";
		};
/* End PBXVariantGroup section */

/* Begin XCBuildConfiguration section */
		B4833361212202540043709A /* Debug */ = {
			isa = XCBuildConfiguration;
			buildSettings = {
				ALWAYS_SEARCH_USER_PATHS = NO;
				CLANG_ANALYZER_NONNULL = YES;
				CLANG_ANALYZER_NUMBER_OBJECT_CONVERSION = YES_AGGRESSIVE;
				CLANG_CXX_LANGUAGE_STANDARD = "gnu++14";
				CLANG_CXX_LIBRARY = "libc++";
				CLANG_ENABLE_MODULES = YES;
				CLANG_ENABLE_OBJC_ARC = YES;
				CLANG_ENABLE_OBJC_WEAK = YES;
				CLANG_WARN_BLOCK_CAPTURE_AUTORELEASING = YES;
				CLANG_WARN_BOOL_CONVERSION = YES;
				CLANG_WARN_COMMA = YES;
				CLANG_WARN_CONSTANT_CONVERSION = YES;
				CLANG_WARN_DEPRECATED_OBJC_IMPLEMENTATIONS = YES;
				CLANG_WARN_DIRECT_OBJC_ISA_USAGE = YES_ERROR;
				CLANG_WARN_DOCUMENTATION_COMMENTS = YES;
				CLANG_WARN_EMPTY_BODY = YES;
				CLANG_WARN_ENUM_CONVERSION = YES;
				CLANG_WARN_INFINITE_RECURSION = YES;
				CLANG_WARN_INT_CONVERSION = YES;
				CLANG_WARN_NON_LITERAL_NULL_CONVERSION = YES;
				CLANG_WARN_OBJC_IMPLICIT_RETAIN_SELF = YES;
				CLANG_WARN_OBJC_LITERAL_CONVERSION = YES;
				CLANG_WARN_OBJC_ROOT_CLASS = YES_ERROR;
				CLANG_WARN_RANGE_LOOP_ANALYSIS = YES;
				CLANG_WARN_STRICT_PROTOTYPES = YES;
				CLANG_WARN_SUSPICIOUS_MOVE = YES;
				CLANG_WARN_UNGUARDED_AVAILABILITY = YES_AGGRESSIVE;
				CLANG_WARN_UNREACHABLE_CODE = YES;
				CLANG_WARN__DUPLICATE_METHOD_MATCH = YES;
				CODE_SIGN_IDENTITY = "iPhone Developer";
				COPY_PHASE_STRIP = NO;
				DEBUG_INFORMATION_FORMAT = dwarf;
				ENABLE_STRICT_OBJC_MSGSEND = YES;
				ENABLE_TESTABILITY = YES;
				GCC_C_LANGUAGE_STANDARD = gnu11;
				GCC_DYNAMIC_NO_PIC = NO;
				GCC_NO_COMMON_BLOCKS = YES;
				GCC_OPTIMIZATION_LEVEL = 0;
				GCC_PREPROCESSOR_DEFINITIONS = (
					"DEBUG=1",
					"$(inherited)",
				);
				GCC_WARN_64_TO_32_BIT_CONVERSION = YES;
				GCC_WARN_ABOUT_RETURN_TYPE = YES_ERROR;
				GCC_WARN_UNDECLARED_SELECTOR = YES;
				GCC_WARN_UNINITIALIZED_AUTOS = YES_AGGRESSIVE;
				GCC_WARN_UNUSED_FUNCTION = YES;
				GCC_WARN_UNUSED_VARIABLE = YES;
				IPHONEOS_DEPLOYMENT_TARGET = 11.4;
				MTL_ENABLE_DEBUG_INFO = YES;
				ONLY_ACTIVE_ARCH = YES;
				SDKROOT = iphoneos;
				SWIFT_ACTIVE_COMPILATION_CONDITIONS = DEBUG;
				SWIFT_OPTIMIZATION_LEVEL = "-Onone";
			};
			name = Debug;
		};
		B4833362212202540043709A /* Release */ = {
			isa = XCBuildConfiguration;
			buildSettings = {
				ALWAYS_SEARCH_USER_PATHS = NO;
				CLANG_ANALYZER_NONNULL = YES;
				CLANG_ANALYZER_NUMBER_OBJECT_CONVERSION = YES_AGGRESSIVE;
				CLANG_CXX_LANGUAGE_STANDARD = "gnu++14";
				CLANG_CXX_LIBRARY = "libc++";
				CLANG_ENABLE_MODULES = YES;
				CLANG_ENABLE_OBJC_ARC = YES;
				CLANG_ENABLE_OBJC_WEAK = YES;
				CLANG_WARN_BLOCK_CAPTURE_AUTORELEASING = YES;
				CLANG_WARN_BOOL_CONVERSION = YES;
				CLANG_WARN_COMMA = YES;
				CLANG_WARN_CONSTANT_CONVERSION = YES;
				CLANG_WARN_DEPRECATED_OBJC_IMPLEMENTATIONS = YES;
				CLANG_WARN_DIRECT_OBJC_ISA_USAGE = YES_ERROR;
				CLANG_WARN_DOCUMENTATION_COMMENTS = YES;
				CLANG_WARN_EMPTY_BODY = YES;
				CLANG_WARN_ENUM_CONVERSION = YES;
				CLANG_WARN_INFINITE_RECURSION = YES;
				CLANG_WARN_INT_CONVERSION = YES;
				CLANG_WARN_NON_LITERAL_NULL_CONVERSION = YES;
				CLANG_WARN_OBJC_IMPLICIT_RETAIN_SELF = YES;
				CLANG_WARN_OBJC_LITERAL_CONVERSION = YES;
				CLANG_WARN_OBJC_ROOT_CLASS = YES_ERROR;
				CLANG_WARN_RANGE_LOOP_ANALYSIS = YES;
				CLANG_WARN_STRICT_PROTOTYPES = YES;
				CLANG_WARN_SUSPICIOUS_MOVE = YES;
				CLANG_WARN_UNGUARDED_AVAILABILITY = YES_AGGRESSIVE;
				CLANG_WARN_UNREACHABLE_CODE = YES;
				CLANG_WARN__DUPLICATE_METHOD_MATCH = YES;
				CODE_SIGN_IDENTITY = "iPhone Developer";
				COPY_PHASE_STRIP = NO;
				DEBUG_INFORMATION_FORMAT = "dwarf-with-dsym";
				ENABLE_NS_ASSERTIONS = NO;
				ENABLE_STRICT_OBJC_MSGSEND = YES;
				GCC_C_LANGUAGE_STANDARD = gnu11;
				GCC_NO_COMMON_BLOCKS = YES;
				GCC_WARN_64_TO_32_BIT_CONVERSION = YES;
				GCC_WARN_ABOUT_RETURN_TYPE = YES_ERROR;
				GCC_WARN_UNDECLARED_SELECTOR = YES;
				GCC_WARN_UNINITIALIZED_AUTOS = YES_AGGRESSIVE;
				GCC_WARN_UNUSED_FUNCTION = YES;
				GCC_WARN_UNUSED_VARIABLE = YES;
				IPHONEOS_DEPLOYMENT_TARGET = 11.4;
				MTL_ENABLE_DEBUG_INFO = NO;
				SDKROOT = iphoneos;
				SWIFT_COMPILATION_MODE = wholemodule;
				SWIFT_OPTIMIZATION_LEVEL = "-O";
				VALIDATE_PRODUCT = YES;
			};
			name = Release;
		};
		B4833364212202540043709A /* Debug */ = {
			isa = XCBuildConfiguration;
			baseConfigurationReference = 389DB28080B0D79313A2ECDF /* Pods-AnastasiaMusic.debug.xcconfig */;
			buildSettings = {
				ASSETCATALOG_COMPILER_APPICON_NAME = AppIcon;
				CODE_SIGN_STYLE = Automatic;
				DEVELOPMENT_TEAM = K9PQUJHQ8E;
				INFOPLIST_FILE = AnastasiaMusic/Info.plist;
				LD_RUNPATH_SEARCH_PATHS = "$(inherited) @executable_path/Frameworks";
				PRODUCT_BUNDLE_IDENTIFIER = com.wiseland.AnastasiaMusic;
				PRODUCT_NAME = "$(TARGET_NAME)";
				SWIFT_VERSION = 4.0;
				TARGETED_DEVICE_FAMILY = "1,2";
			};
			name = Debug;
		};
		B4833365212202540043709A /* Release */ = {
			isa = XCBuildConfiguration;
			baseConfigurationReference = 53093FFEDBAB524F99CED3F4 /* Pods-AnastasiaMusic.release.xcconfig */;
			buildSettings = {
				ASSETCATALOG_COMPILER_APPICON_NAME = AppIcon;
				CODE_SIGN_STYLE = Automatic;
				DEVELOPMENT_TEAM = K9PQUJHQ8E;
				INFOPLIST_FILE = AnastasiaMusic/Info.plist;
				LD_RUNPATH_SEARCH_PATHS = "$(inherited) @executable_path/Frameworks";
				PRODUCT_BUNDLE_IDENTIFIER = com.wiseland.AnastasiaMusic;
				PRODUCT_NAME = "$(TARGET_NAME)";
				SWIFT_VERSION = 4.0;
				TARGETED_DEVICE_FAMILY = "1,2";
			};
			name = Release;
		};
/* End XCBuildConfiguration section */

/* Begin XCConfigurationList section */
		B483334C212202530043709A /* Build configuration list for PBXProject "AnastasiaMusic" */ = {
			isa = XCConfigurationList;
			buildConfigurations = (
				B4833361212202540043709A /* Debug */,
				B4833362212202540043709A /* Release */,
			);
			defaultConfigurationIsVisible = 0;
			defaultConfigurationName = Release;
		};
		B4833363212202540043709A /* Build configuration list for PBXNativeTarget "AnastasiaMusic" */ = {
			isa = XCConfigurationList;
			buildConfigurations = (
				B4833364212202540043709A /* Debug */,
				B4833365212202540043709A /* Release */,
			);
			defaultConfigurationIsVisible = 0;
			defaultConfigurationName = Release;
		};
/* End XCConfigurationList section */
	};
	rootObject = B4833349212202530043709A /* Project object */;
}
