// !$*UTF8*$!
{
	archiveVersion = 1;
	classes = {
	};
	objectVersion = 50;
	objects = {

/* Begin PBXBuildFile section */
		0A5108F3D4571ABAE36864CE /* Pods_AnastasiaMusic_Common.framework in Frameworks */ = {isa = PBXBuildFile; fileRef = 90432BE0E5104012E287E141 /* Pods_AnastasiaMusic_Common.framework */; };
		17580286063913A2ABC9608E /* Pods_AnastasiaMusic_Platform.framework in Frameworks */ = {isa = PBXBuildFile; fileRef = 36432D712A5BA80EE7A0AC63 /* Pods_AnastasiaMusic_Platform.framework */; };
		274182D4C6DD09F5DE7E1B6A /* Pods_AnastasiaMusic_AnastasiaMusicFiles.framework in Frameworks */ = {isa = PBXBuildFile; fileRef = 4B110F1047AD4C98464F49E4 /* Pods_AnastasiaMusic_AnastasiaMusicFiles.framework */; };
		3B4D7A20F3D49306427BD506 /* Pods_AnastasiaMusic_Domain.framework in Frameworks */ = {isa = PBXBuildFile; fileRef = DEEBAF611CB0B174359EE3E1 /* Pods_AnastasiaMusic_Domain.framework */; };
		B420A6ED21554F07000FCE2C /* ObservableType+Extensions.swift in Sources */ = {isa = PBXBuildFile; fileRef = B420A6EC21554F07000FCE2C /* ObservableType+Extensions.swift */; };
		B420A6EF21554FFB000FCE2C /* Reactive+Extensions.swift in Sources */ = {isa = PBXBuildFile; fileRef = B420A6EE21554FFB000FCE2C /* Reactive+Extensions.swift */; };
		B420A6F121555340000FCE2C /* UIAlertController+Extensions.swift in Sources */ = {isa = PBXBuildFile; fileRef = B420A6F021555340000FCE2C /* UIAlertController+Extensions.swift */; };
		B420A6F321555505000FCE2C /* UIView+Extensions.swift in Sources */ = {isa = PBXBuildFile; fileRef = B420A6F221555505000FCE2C /* UIView+Extensions.swift */; };
		B421675A212CD8A500E723B3 /* ListSongsTableCell.swift in Sources */ = {isa = PBXBuildFile; fileRef = B4216759212CD8A500E723B3 /* ListSongsTableCell.swift */; };
		B431FE742153235500874EBD /* Platform.h in Headers */ = {isa = PBXBuildFile; fileRef = B431FE722153235500874EBD /* Platform.h */; settings = {ATTRIBUTES = (Public, ); }; };
		B431FE772153235500874EBD /* Platform.framework in Frameworks */ = {isa = PBXBuildFile; fileRef = B431FE702153235500874EBD /* Platform.framework */; };
		B431FE782153235500874EBD /* Platform.framework in Embed Frameworks */ = {isa = PBXBuildFile; fileRef = B431FE702153235500874EBD /* Platform.framework */; settings = {ATTRIBUTES = (CodeSignOnCopy, RemoveHeadersOnCopy, ); }; };
		B431FE7F215324A900874EBD /* SQLiteStack.swift in Sources */ = {isa = PBXBuildFile; fileRef = B431FE7E215324A900874EBD /* SQLiteStack.swift */; };
		B431FE822153250400874EBD /* SongUseCase.swift in Sources */ = {isa = PBXBuildFile; fileRef = B431FE812153250400874EBD /* SongUseCase.swift */; };
		B431FE86215325B700874EBD /* UseCaseProvider.swift in Sources */ = {isa = PBXBuildFile; fileRef = B431FE85215325B700874EBD /* UseCaseProvider.swift */; };
		B45309702154EBB500A5A74D /* Common.h in Headers */ = {isa = PBXBuildFile; fileRef = B453096E2154EBB500A5A74D /* Common.h */; settings = {ATTRIBUTES = (Public, ); }; };
		B45309732154EBB500A5A74D /* Common.framework in Frameworks */ = {isa = PBXBuildFile; fileRef = B453096C2154EBB500A5A74D /* Common.framework */; };
		B45309742154EBB500A5A74D /* Common.framework in Embed Frameworks */ = {isa = PBXBuildFile; fileRef = B453096C2154EBB500A5A74D /* Common.framework */; settings = {ATTRIBUTES = (CodeSignOnCopy, RemoveHeadersOnCopy, ); }; };
		B453097E2154EC0700A5A74D /* SharedSequenceConvertibleType+Extensions.swift in Sources */ = {isa = PBXBuildFile; fileRef = B453097D2154EC0700A5A74D /* SharedSequenceConvertibleType+Extensions.swift */; };
		B464CEEB212D390F009E80BE /* AVFoundation.framework in Frameworks */ = {isa = PBXBuildFile; fileRef = B464CEEA212D390F009E80BE /* AVFoundation.framework */; };
		B46DB59F2153301D007A135C /* Song.swift in Sources */ = {isa = PBXBuildFile; fileRef = B46DB59E2153301D007A135C /* Song.swift */; };
		B46DB5A721533A1A007A135C /* PlatformTests.swift in Sources */ = {isa = PBXBuildFile; fileRef = B46DB5A621533A1A007A135C /* PlatformTests.swift */; };
		B46DB5A921533A1A007A135C /* Platform.framework in Frameworks */ = {isa = PBXBuildFile; fileRef = B431FE702153235500874EBD /* Platform.framework */; };
		B46E8AD92153A14B003EBB75 /* StorableType.swift in Sources */ = {isa = PBXBuildFile; fileRef = B46E8AD82153A14B003EBB75 /* StorableType.swift */; };
		B46E8ADB2153A157003EBB75 /* Repository.swift in Sources */ = {isa = PBXBuildFile; fileRef = B46E8ADA2153A157003EBB75 /* Repository.swift */; };
		B4703F512153EDA200221467 /* ViewModelType.swift in Sources */ = {isa = PBXBuildFile; fileRef = B4703F502153EDA200221467 /* ViewModelType.swift */; };
		B4703F532153EE0200221467 /* SearchSongsViewModel.swift in Sources */ = {isa = PBXBuildFile; fileRef = B4703F522153EE0200221467 /* SearchSongsViewModel.swift */; };
		B4703F552153FAF800221467 /* SearchSongsTableCell.swift in Sources */ = {isa = PBXBuildFile; fileRef = B4703F542153FAF800221467 /* SearchSongsTableCell.swift */; };
		B47AAB5B215413C800EC7A95 /* ListSongsCellViewModel.swift in Sources */ = {isa = PBXBuildFile; fileRef = B47AAB5A215413C800EC7A95 /* ListSongsCellViewModel.swift */; };
		B4833355212202530043709A /* AppDelegate.swift in Sources */ = {isa = PBXBuildFile; fileRef = B4833354212202530043709A /* AppDelegate.swift */; };
		B4833357212202530043709A /* SearchSongsViewController.swift in Sources */ = {isa = PBXBuildFile; fileRef = B4833356212202530043709A /* SearchSongsViewController.swift */; };
		B483335A212202530043709A /* Main.storyboard in Resources */ = {isa = PBXBuildFile; fileRef = B4833358212202530043709A /* Main.storyboard */; };
		B483335C212202540043709A /* Assets.xcassets in Resources */ = {isa = PBXBuildFile; fileRef = B483335B212202540043709A /* Assets.xcassets */; };
		B483335F212202540043709A /* LaunchScreen.storyboard in Resources */ = {isa = PBXBuildFile; fileRef = B483335D212202540043709A /* LaunchScreen.storyboard */; };
		B4848B68212CD61100C44F4A /* ListSongsViewController.swift in Sources */ = {isa = PBXBuildFile; fileRef = B4848B67212CD61100C44F4A /* ListSongsViewController.swift */; };
		B4891ABD21550E2E0080D08C /* Application.swift in Sources */ = {isa = PBXBuildFile; fileRef = B4891ABC21550E2E0080D08C /* Application.swift */; };
		B49D04DA215510F200BA2A91 /* Navigator.swift in Sources */ = {isa = PBXBuildFile; fileRef = B49D04D5215510F200BA2A91 /* Navigator.swift */; };
		B49D04DB215510F200BA2A91 /* SearchSongsTableCell.swift in Sources */ = {isa = PBXBuildFile; fileRef = B49D04D7215510F200BA2A91 /* SearchSongsTableCell.swift */; };
		B49D04DC215510F200BA2A91 /* SearchSongsViewController.swift in Sources */ = {isa = PBXBuildFile; fileRef = B49D04D8215510F200BA2A91 /* SearchSongsViewController.swift */; };
		B49D04DD215510F200BA2A91 /* SearchSongsViewModel.swift in Sources */ = {isa = PBXBuildFile; fileRef = B49D04D9215510F200BA2A91 /* SearchSongsViewModel.swift */; };
		B49D04E0215510FC00BA2A91 /* ViewModelType.swift in Sources */ = {isa = PBXBuildFile; fileRef = B49D04DF215510FC00BA2A91 /* ViewModelType.swift */; };
		B49D04E121551CE100BA2A91 /* Domain.framework in Frameworks */ = {isa = PBXBuildFile; fileRef = B4C131FB2153216300571796 /* Domain.framework */; };
		B49D04E221551CE100BA2A91 /* Domain.framework in Embed Frameworks */ = {isa = PBXBuildFile; fileRef = B4C131FB2153216300571796 /* Domain.framework */; settings = {ATTRIBUTES = (CodeSignOnCopy, RemoveHeadersOnCopy, ); }; };
		B49D04E321551CE100BA2A91 /* Platform.framework in Frameworks */ = {isa = PBXBuildFile; fileRef = B431FE702153235500874EBD /* Platform.framework */; };
		B49D04E421551CE100BA2A91 /* Platform.framework in Embed Frameworks */ = {isa = PBXBuildFile; fileRef = B431FE702153235500874EBD /* Platform.framework */; settings = {ATTRIBUTES = (CodeSignOnCopy, RemoveHeadersOnCopy, ); }; };
		B49D04E521551CE100BA2A91 /* Common.framework in Frameworks */ = {isa = PBXBuildFile; fileRef = B453096C2154EBB500A5A74D /* Common.framework */; };
		B49D04E621551CE100BA2A91 /* Common.framework in Embed Frameworks */ = {isa = PBXBuildFile; fileRef = B453096C2154EBB500A5A74D /* Common.framework */; settings = {ATTRIBUTES = (CodeSignOnCopy, RemoveHeadersOnCopy, ); }; };
		B49D04E821551CEC00BA2A91 /* AVFoundation.framework in Frameworks */ = {isa = PBXBuildFile; fileRef = B464CEEA212D390F009E80BE /* AVFoundation.framework */; };
		B4C131FF2153216300571796 /* Domain.h in Headers */ = {isa = PBXBuildFile; fileRef = B4C131FD2153216300571796 /* Domain.h */; settings = {ATTRIBUTES = (Public, ); }; };
		B4C132022153216300571796 /* Domain.framework in Frameworks */ = {isa = PBXBuildFile; fileRef = B4C131FB2153216300571796 /* Domain.framework */; };
		B4C132032153216300571796 /* Domain.framework in Embed Frameworks */ = {isa = PBXBuildFile; fileRef = B4C131FB2153216300571796 /* Domain.framework */; settings = {ATTRIBUTES = (CodeSignOnCopy, RemoveHeadersOnCopy, ); }; };
		B4C1320D215321AF00571796 /* SongUseCaseType.swift in Sources */ = {isa = PBXBuildFile; fileRef = B4C13209215321AF00571796 /* SongUseCaseType.swift */; };
		B4C1320E215321AF00571796 /* UseCaseProviderType.swift in Sources */ = {isa = PBXBuildFile; fileRef = B4C1320A215321AF00571796 /* UseCaseProviderType.swift */; };
		B4C1320F215321AF00571796 /* Song.swift in Sources */ = {isa = PBXBuildFile; fileRef = B4C1320C215321AF00571796 /* Song.swift */; };
		B4ECE62121550BC700E7FEA5 /* AppDelegate.swift in Sources */ = {isa = PBXBuildFile; fileRef = B4ECE62021550BC700E7FEA5 /* AppDelegate.swift */; };
		B4ECE62321550BC700E7FEA5 /* DocumentBrowserViewController.swift in Sources */ = {isa = PBXBuildFile; fileRef = B4ECE62221550BC700E7FEA5 /* DocumentBrowserViewController.swift */; };
		B4ECE62521550BC700E7FEA5 /* DocumentViewController.swift in Sources */ = {isa = PBXBuildFile; fileRef = B4ECE62421550BC700E7FEA5 /* DocumentViewController.swift */; };
		B4ECE62721550BC700E7FEA5 /* Document.swift in Sources */ = {isa = PBXBuildFile; fileRef = B4ECE62621550BC700E7FEA5 /* Document.swift */; };
		B4ECE62A21550BC700E7FEA5 /* Main.storyboard in Resources */ = {isa = PBXBuildFile; fileRef = B4ECE62821550BC700E7FEA5 /* Main.storyboard */; };
		B4ECE62C21550BC800E7FEA5 /* Assets.xcassets in Resources */ = {isa = PBXBuildFile; fileRef = B4ECE62B21550BC800E7FEA5 /* Assets.xcassets */; };
		B4ECE62F21550BC800E7FEA5 /* LaunchScreen.storyboard in Resources */ = {isa = PBXBuildFile; fileRef = B4ECE62D21550BC800E7FEA5 /* LaunchScreen.storyboard */; };
		B4ED63132154ED9D00145508 /* URL+Extensions.swift in Sources */ = {isa = PBXBuildFile; fileRef = B4D311772153A90B00772B3C /* URL+Extensions.swift */; };
		B4ED63142154EDA900145508 /* FileManager+Extensions.swift in Sources */ = {isa = PBXBuildFile; fileRef = B46E8AD621539FD1003EBB75 /* FileManager+Extensions.swift */; };
		B4ED63172154EF7500145508 /* Application.swift in Sources */ = {isa = PBXBuildFile; fileRef = B4ED63162154EF7500145508 /* Application.swift */; };
		B4ED63212154FA6400145508 /* Navigator.swift in Sources */ = {isa = PBXBuildFile; fileRef = B4ED63202154FA6400145508 /* Navigator.swift */; };
		D14533989863FC0C926C622C /* Pods_AnastasiaMusic_PlatformTests.framework in Frameworks */ = {isa = PBXBuildFile; fileRef = 671B7FA840A0CCE264DE67ED /* Pods_AnastasiaMusic_PlatformTests.framework */; };
		F899DB6661AC5F59A17D9E8B /* Pods_AnastasiaMusic.framework in Frameworks */ = {isa = PBXBuildFile; fileRef = 0956F4DD47F6492A041019D3 /* Pods_AnastasiaMusic.framework */; };
/* End PBXBuildFile section */

/* Begin PBXContainerItemProxy section */
		B431FE752153235500874EBD /* PBXContainerItemProxy */ = {
			isa = PBXContainerItemProxy;
			containerPortal = B4833349212202530043709A /* Project object */;
			proxyType = 1;
			remoteGlobalIDString = B431FE6F2153235500874EBD;
			remoteInfo = Platform;
		};
		B431FE832153251A00874EBD /* PBXContainerItemProxy */ = {
			isa = PBXContainerItemProxy;
			containerPortal = B4833349212202530043709A /* Project object */;
			proxyType = 1;
			remoteGlobalIDString = B4C131FA2153216300571796;
			remoteInfo = Domain;
		};
		B45309712154EBB500A5A74D /* PBXContainerItemProxy */ = {
			isa = PBXContainerItemProxy;
			containerPortal = B4833349212202530043709A /* Project object */;
			proxyType = 1;
			remoteGlobalIDString = B453096B2154EBB500A5A74D;
			remoteInfo = Common;
		};
		B45309782154EBC600A5A74D /* PBXContainerItemProxy */ = {
			isa = PBXContainerItemProxy;
			containerPortal = B4833349212202530043709A /* Project object */;
			proxyType = 1;
			remoteGlobalIDString = B453096B2154EBB500A5A74D;
			remoteInfo = Common;
		};
		B453097A2154EBCC00A5A74D /* PBXContainerItemProxy */ = {
			isa = PBXContainerItemProxy;
			containerPortal = B4833349212202530043709A /* Project object */;
			proxyType = 1;
			remoteGlobalIDString = B453096B2154EBB500A5A74D;
			remoteInfo = Common;
		};
		B46DB5AA21533A1A007A135C /* PBXContainerItemProxy */ = {
			isa = PBXContainerItemProxy;
			containerPortal = B4833349212202530043709A /* Project object */;
			proxyType = 1;
			remoteGlobalIDString = B431FE6F2153235500874EBD;
			remoteInfo = Platform;
		};
		B4C132002153216300571796 /* PBXContainerItemProxy */ = {
			isa = PBXContainerItemProxy;
			containerPortal = B4833349212202530043709A /* Project object */;
			proxyType = 1;
			remoteGlobalIDString = B4C131FA2153216300571796;
			remoteInfo = Domain;
		};
		B4ECE63421550DBD00E7FEA5 /* PBXContainerItemProxy */ = {
			isa = PBXContainerItemProxy;
			containerPortal = B4833349212202530043709A /* Project object */;
			proxyType = 1;
			remoteGlobalIDString = B453096B2154EBB500A5A74D;
			remoteInfo = Common;
		};
		B4ECE63621550DBD00E7FEA5 /* PBXContainerItemProxy */ = {
			isa = PBXContainerItemProxy;
			containerPortal = B4833349212202530043709A /* Project object */;
			proxyType = 1;
			remoteGlobalIDString = B4C131FA2153216300571796;
			remoteInfo = Domain;
		};
		B4ECE63821550DBD00E7FEA5 /* PBXContainerItemProxy */ = {
			isa = PBXContainerItemProxy;
			containerPortal = B4833349212202530043709A /* Project object */;
			proxyType = 1;
			remoteGlobalIDString = B431FE6F2153235500874EBD;
			remoteInfo = Platform;
		};
/* End PBXContainerItemProxy section */

/* Begin PBXCopyFilesBuildPhase section */
		B49D04E721551CE200BA2A91 /* Embed Frameworks */ = {
			isa = PBXCopyFilesBuildPhase;
			buildActionMask = 2147483647;
			dstPath = "";
			dstSubfolderSpec = 10;
			files = (
				B49D04E621551CE100BA2A91 /* Common.framework in Embed Frameworks */,
				B49D04E221551CE100BA2A91 /* Domain.framework in Embed Frameworks */,
				B49D04E421551CE100BA2A91 /* Platform.framework in Embed Frameworks */,
			);
			name = "Embed Frameworks";
			runOnlyForDeploymentPostprocessing = 0;
		};
		B4C132072153216300571796 /* Embed Frameworks */ = {
			isa = PBXCopyFilesBuildPhase;
			buildActionMask = 2147483647;
			dstPath = "";
			dstSubfolderSpec = 10;
			files = (
				B45309742154EBB500A5A74D /* Common.framework in Embed Frameworks */,
				B4C132032153216300571796 /* Domain.framework in Embed Frameworks */,
				B431FE782153235500874EBD /* Platform.framework in Embed Frameworks */,
			);
			name = "Embed Frameworks";
			runOnlyForDeploymentPostprocessing = 0;
		};
/* End PBXCopyFilesBuildPhase section */

/* Begin PBXFileReference section */
		0956F4DD47F6492A041019D3 /* Pods_AnastasiaMusic.framework */ = {isa = PBXFileReference; explicitFileType = wrapper.framework; includeInIndex = 0; path = Pods_AnastasiaMusic.framework; sourceTree = BUILT_PRODUCTS_DIR; };
		0CC070557ACB18570C6546ED /* Pods-AnastasiaMusic-Domain.debug.xcconfig */ = {isa = PBXFileReference; includeInIndex = 1; lastKnownFileType = text.xcconfig; name = "Pods-AnastasiaMusic-Domain.debug.xcconfig"; path = "Pods/Target Support Files/Pods-AnastasiaMusic-Domain/Pods-AnastasiaMusic-Domain.debug.xcconfig"; sourceTree = "<group>"; };
		181538C879066B4C6EC37257 /* Pods-AnastasiaMusic-Platform.debug.xcconfig */ = {isa = PBXFileReference; includeInIndex = 1; lastKnownFileType = text.xcconfig; name = "Pods-AnastasiaMusic-Platform.debug.xcconfig"; path = "Pods/Target Support Files/Pods-AnastasiaMusic-Platform/Pods-AnastasiaMusic-Platform.debug.xcconfig"; sourceTree = "<group>"; };
		22B9994B2B7F8DAB16EFA111 /* Pods-AnastasiaMusic-AnastasiaMusicFiles.release.xcconfig */ = {isa = PBXFileReference; includeInIndex = 1; lastKnownFileType = text.xcconfig; name = "Pods-AnastasiaMusic-AnastasiaMusicFiles.release.xcconfig"; path = "Pods/Target Support Files/Pods-AnastasiaMusic-AnastasiaMusicFiles/Pods-AnastasiaMusic-AnastasiaMusicFiles.release.xcconfig"; sourceTree = "<group>"; };
		2B26EAA4870B7C7F54474DBF /* Pods-AnastasiaMusic-Domain.release.xcconfig */ = {isa = PBXFileReference; includeInIndex = 1; lastKnownFileType = text.xcconfig; name = "Pods-AnastasiaMusic-Domain.release.xcconfig"; path = "Pods/Target Support Files/Pods-AnastasiaMusic-Domain/Pods-AnastasiaMusic-Domain.release.xcconfig"; sourceTree = "<group>"; };
		305F0C5254EE76E5B64D3692 /* Pods-AnastasiaMusic-Platform.release.xcconfig */ = {isa = PBXFileReference; includeInIndex = 1; lastKnownFileType = text.xcconfig; name = "Pods-AnastasiaMusic-Platform.release.xcconfig"; path = "Pods/Target Support Files/Pods-AnastasiaMusic-Platform/Pods-AnastasiaMusic-Platform.release.xcconfig"; sourceTree = "<group>"; };
		36432D712A5BA80EE7A0AC63 /* Pods_AnastasiaMusic_Platform.framework */ = {isa = PBXFileReference; explicitFileType = wrapper.framework; includeInIndex = 0; path = Pods_AnastasiaMusic_Platform.framework; sourceTree = BUILT_PRODUCTS_DIR; };
		389DB28080B0D79313A2ECDF /* Pods-AnastasiaMusic.debug.xcconfig */ = {isa = PBXFileReference; includeInIndex = 1; lastKnownFileType = text.xcconfig; name = "Pods-AnastasiaMusic.debug.xcconfig"; path = "Pods/Target Support Files/Pods-AnastasiaMusic/Pods-AnastasiaMusic.debug.xcconfig"; sourceTree = "<group>"; };
		48CFB8D6A4C17870C8676484 /* Pods-AnastasiaMusic-PlatformTests.debug.xcconfig */ = {isa = PBXFileReference; includeInIndex = 1; lastKnownFileType = text.xcconfig; name = "Pods-AnastasiaMusic-PlatformTests.debug.xcconfig"; path = "Pods/Target Support Files/Pods-AnastasiaMusic-PlatformTests/Pods-AnastasiaMusic-PlatformTests.debug.xcconfig"; sourceTree = "<group>"; };
		4B110F1047AD4C98464F49E4 /* Pods_AnastasiaMusic_AnastasiaMusicFiles.framework */ = {isa = PBXFileReference; explicitFileType = wrapper.framework; includeInIndex = 0; path = Pods_AnastasiaMusic_AnastasiaMusicFiles.framework; sourceTree = BUILT_PRODUCTS_DIR; };
		53093FFEDBAB524F99CED3F4 /* Pods-AnastasiaMusic.release.xcconfig */ = {isa = PBXFileReference; includeInIndex = 1; lastKnownFileType = text.xcconfig; name = "Pods-AnastasiaMusic.release.xcconfig"; path = "Pods/Target Support Files/Pods-AnastasiaMusic/Pods-AnastasiaMusic.release.xcconfig"; sourceTree = "<group>"; };
		671B7FA840A0CCE264DE67ED /* Pods_AnastasiaMusic_PlatformTests.framework */ = {isa = PBXFileReference; explicitFileType = wrapper.framework; includeInIndex = 0; path = Pods_AnastasiaMusic_PlatformTests.framework; sourceTree = BUILT_PRODUCTS_DIR; };
		6FECD44F9C0793B4A6BD450E /* Pods-AnastasiaMusic-AnastasiaMusicFiles.debug.xcconfig */ = {isa = PBXFileReference; includeInIndex = 1; lastKnownFileType = text.xcconfig; name = "Pods-AnastasiaMusic-AnastasiaMusicFiles.debug.xcconfig"; path = "Pods/Target Support Files/Pods-AnastasiaMusic-AnastasiaMusicFiles/Pods-AnastasiaMusic-AnastasiaMusicFiles.debug.xcconfig"; sourceTree = "<group>"; };
		90432BE0E5104012E287E141 /* Pods_AnastasiaMusic_Common.framework */ = {isa = PBXFileReference; explicitFileType = wrapper.framework; includeInIndex = 0; path = Pods_AnastasiaMusic_Common.framework; sourceTree = BUILT_PRODUCTS_DIR; };
		9102287C4D9AD4C712904FA1 /* Pods-AnastasiaMusic-Common.debug.xcconfig */ = {isa = PBXFileReference; includeInIndex = 1; lastKnownFileType = text.xcconfig; name = "Pods-AnastasiaMusic-Common.debug.xcconfig"; path = "Pods/Target Support Files/Pods-AnastasiaMusic-Common/Pods-AnastasiaMusic-Common.debug.xcconfig"; sourceTree = "<group>"; };
		972F66D215746D953A656602 /* Pods-AnastasiaMusic-Common.release.xcconfig */ = {isa = PBXFileReference; includeInIndex = 1; lastKnownFileType = text.xcconfig; name = "Pods-AnastasiaMusic-Common.release.xcconfig"; path = "Pods/Target Support Files/Pods-AnastasiaMusic-Common/Pods-AnastasiaMusic-Common.release.xcconfig"; sourceTree = "<group>"; };
		B420A6EC21554F07000FCE2C /* ObservableType+Extensions.swift */ = {isa = PBXFileReference; lastKnownFileType = sourcecode.swift; path = "ObservableType+Extensions.swift"; sourceTree = "<group>"; };
		B420A6EE21554FFB000FCE2C /* Reactive+Extensions.swift */ = {isa = PBXFileReference; lastKnownFileType = sourcecode.swift; path = "Reactive+Extensions.swift"; sourceTree = "<group>"; };
		B420A6F021555340000FCE2C /* UIAlertController+Extensions.swift */ = {isa = PBXFileReference; lastKnownFileType = sourcecode.swift; path = "UIAlertController+Extensions.swift"; sourceTree = "<group>"; };
		B420A6F221555505000FCE2C /* UIView+Extensions.swift */ = {isa = PBXFileReference; lastKnownFileType = sourcecode.swift; path = "UIView+Extensions.swift"; sourceTree = "<group>"; };
		B4216759212CD8A500E723B3 /* ListSongsTableCell.swift */ = {isa = PBXFileReference; lastKnownFileType = sourcecode.swift; path = ListSongsTableCell.swift; sourceTree = "<group>"; };
		B431FE702153235500874EBD /* Platform.framework */ = {isa = PBXFileReference; explicitFileType = wrapper.framework; includeInIndex = 0; path = Platform.framework; sourceTree = BUILT_PRODUCTS_DIR; };
		B431FE722153235500874EBD /* Platform.h */ = {isa = PBXFileReference; lastKnownFileType = sourcecode.c.h; path = Platform.h; sourceTree = "<group>"; };
		B431FE732153235500874EBD /* Info.plist */ = {isa = PBXFileReference; lastKnownFileType = text.plist.xml; path = Info.plist; sourceTree = "<group>"; };
		B431FE7E215324A900874EBD /* SQLiteStack.swift */ = {isa = PBXFileReference; lastKnownFileType = sourcecode.swift; path = SQLiteStack.swift; sourceTree = "<group>"; };
		B431FE812153250400874EBD /* SongUseCase.swift */ = {isa = PBXFileReference; lastKnownFileType = sourcecode.swift; path = SongUseCase.swift; sourceTree = "<group>"; };
		B431FE85215325B700874EBD /* UseCaseProvider.swift */ = {isa = PBXFileReference; lastKnownFileType = sourcecode.swift; path = UseCaseProvider.swift; sourceTree = "<group>"; };
		B453096C2154EBB500A5A74D /* Common.framework */ = {isa = PBXFileReference; explicitFileType = wrapper.framework; includeInIndex = 0; path = Common.framework; sourceTree = BUILT_PRODUCTS_DIR; };
		B453096E2154EBB500A5A74D /* Common.h */ = {isa = PBXFileReference; lastKnownFileType = sourcecode.c.h; path = Common.h; sourceTree = "<group>"; };
		B453096F2154EBB500A5A74D /* Info.plist */ = {isa = PBXFileReference; lastKnownFileType = text.plist.xml; path = Info.plist; sourceTree = "<group>"; };
		B453097D2154EC0700A5A74D /* SharedSequenceConvertibleType+Extensions.swift */ = {isa = PBXFileReference; lastKnownFileType = sourcecode.swift; path = "SharedSequenceConvertibleType+Extensions.swift"; sourceTree = "<group>"; };
		B464CEEA212D390F009E80BE /* AVFoundation.framework */ = {isa = PBXFileReference; lastKnownFileType = wrapper.framework; name = AVFoundation.framework; path = System/Library/Frameworks/AVFoundation.framework; sourceTree = SDKROOT; };
		B46DB59E2153301D007A135C /* Song.swift */ = {isa = PBXFileReference; lastKnownFileType = sourcecode.swift; path = Song.swift; sourceTree = "<group>"; };
		B46DB5A421533A1A007A135C /* PlatformTests.xctest */ = {isa = PBXFileReference; explicitFileType = wrapper.cfbundle; includeInIndex = 0; path = PlatformTests.xctest; sourceTree = BUILT_PRODUCTS_DIR; };
		B46DB5A621533A1A007A135C /* PlatformTests.swift */ = {isa = PBXFileReference; lastKnownFileType = sourcecode.swift; path = PlatformTests.swift; sourceTree = "<group>"; };
		B46DB5A821533A1A007A135C /* Info.plist */ = {isa = PBXFileReference; lastKnownFileType = text.plist.xml; path = Info.plist; sourceTree = "<group>"; };
		B46E8AD621539FD1003EBB75 /* FileManager+Extensions.swift */ = {isa = PBXFileReference; lastKnownFileType = sourcecode.swift; path = "FileManager+Extensions.swift"; sourceTree = "<group>"; };
		B46E8AD82153A14B003EBB75 /* StorableType.swift */ = {isa = PBXFileReference; lastKnownFileType = sourcecode.swift; path = StorableType.swift; sourceTree = "<group>"; };
		B46E8ADA2153A157003EBB75 /* Repository.swift */ = {isa = PBXFileReference; lastKnownFileType = sourcecode.swift; path = Repository.swift; sourceTree = "<group>"; };
		B4703F502153EDA200221467 /* ViewModelType.swift */ = {isa = PBXFileReference; lastKnownFileType = sourcecode.swift; path = ViewModelType.swift; sourceTree = "<group>"; };
		B4703F522153EE0200221467 /* SearchSongsViewModel.swift */ = {isa = PBXFileReference; lastKnownFileType = sourcecode.swift; path = SearchSongsViewModel.swift; sourceTree = "<group>"; };
		B4703F542153FAF800221467 /* SearchSongsTableCell.swift */ = {isa = PBXFileReference; lastKnownFileType = sourcecode.swift; path = SearchSongsTableCell.swift; sourceTree = "<group>"; };
		B47AAB5A215413C800EC7A95 /* ListSongsCellViewModel.swift */ = {isa = PBXFileReference; lastKnownFileType = sourcecode.swift; path = ListSongsCellViewModel.swift; sourceTree = "<group>"; };
		B4833351212202530043709A /* AnastasiaMusic.app */ = {isa = PBXFileReference; explicitFileType = wrapper.application; includeInIndex = 0; path = AnastasiaMusic.app; sourceTree = BUILT_PRODUCTS_DIR; };
		B4833354212202530043709A /* AppDelegate.swift */ = {isa = PBXFileReference; lastKnownFileType = sourcecode.swift; path = AppDelegate.swift; sourceTree = "<group>"; };
		B4833356212202530043709A /* SearchSongsViewController.swift */ = {isa = PBXFileReference; lastKnownFileType = sourcecode.swift; path = SearchSongsViewController.swift; sourceTree = "<group>"; };
		B4833359212202530043709A /* Base */ = {isa = PBXFileReference; lastKnownFileType = file.storyboard; name = Base; path = Base.lproj/Main.storyboard; sourceTree = "<group>"; };
		B483335B212202540043709A /* Assets.xcassets */ = {isa = PBXFileReference; lastKnownFileType = folder.assetcatalog; path = Assets.xcassets; sourceTree = "<group>"; };
		B483335E212202540043709A /* Base */ = {isa = PBXFileReference; lastKnownFileType = file.storyboard; name = Base; path = Base.lproj/LaunchScreen.storyboard; sourceTree = "<group>"; };
		B4833360212202540043709A /* Info.plist */ = {isa = PBXFileReference; lastKnownFileType = text.plist.xml; path = Info.plist; sourceTree = "<group>"; };
		B4848B67212CD61100C44F4A /* ListSongsViewController.swift */ = {isa = PBXFileReference; lastKnownFileType = sourcecode.swift; path = ListSongsViewController.swift; sourceTree = "<group>"; };
		B4891ABC21550E2E0080D08C /* Application.swift */ = {isa = PBXFileReference; lastKnownFileType = sourcecode.swift; path = Application.swift; sourceTree = "<group>"; };
		B49D04D5215510F200BA2A91 /* Navigator.swift */ = {isa = PBXFileReference; fileEncoding = 4; lastKnownFileType = sourcecode.swift; path = Navigator.swift; sourceTree = "<group>"; };
		B49D04D7215510F200BA2A91 /* SearchSongsTableCell.swift */ = {isa = PBXFileReference; fileEncoding = 4; lastKnownFileType = sourcecode.swift; path = SearchSongsTableCell.swift; sourceTree = "<group>"; };
		B49D04D8215510F200BA2A91 /* SearchSongsViewController.swift */ = {isa = PBXFileReference; fileEncoding = 4; lastKnownFileType = sourcecode.swift; path = SearchSongsViewController.swift; sourceTree = "<group>"; };
		B49D04D9215510F200BA2A91 /* SearchSongsViewModel.swift */ = {isa = PBXFileReference; fileEncoding = 4; lastKnownFileType = sourcecode.swift; path = SearchSongsViewModel.swift; sourceTree = "<group>"; };
		B49D04DF215510FC00BA2A91 /* ViewModelType.swift */ = {isa = PBXFileReference; fileEncoding = 4; lastKnownFileType = sourcecode.swift; path = ViewModelType.swift; sourceTree = "<group>"; };
		B4C131FB2153216300571796 /* Domain.framework */ = {isa = PBXFileReference; explicitFileType = wrapper.framework; includeInIndex = 0; path = Domain.framework; sourceTree = BUILT_PRODUCTS_DIR; };
		B4C131FD2153216300571796 /* Domain.h */ = {isa = PBXFileReference; lastKnownFileType = sourcecode.c.h; path = Domain.h; sourceTree = "<group>"; };
		B4C131FE2153216300571796 /* Info.plist */ = {isa = PBXFileReference; lastKnownFileType = text.plist.xml; path = Info.plist; sourceTree = "<group>"; };
		B4C13209215321AF00571796 /* SongUseCaseType.swift */ = {isa = PBXFileReference; fileEncoding = 4; lastKnownFileType = sourcecode.swift; path = SongUseCaseType.swift; sourceTree = "<group>"; };
		B4C1320A215321AF00571796 /* UseCaseProviderType.swift */ = {isa = PBXFileReference; fileEncoding = 4; lastKnownFileType = sourcecode.swift; path = UseCaseProviderType.swift; sourceTree = "<group>"; };
		B4C1320C215321AF00571796 /* Song.swift */ = {isa = PBXFileReference; fileEncoding = 4; lastKnownFileType = sourcecode.swift; path = Song.swift; sourceTree = "<group>"; };
		B4D311772153A90B00772B3C /* URL+Extensions.swift */ = {isa = PBXFileReference; lastKnownFileType = sourcecode.swift; path = "URL+Extensions.swift"; sourceTree = "<group>"; };
		B4D9356F212CDA6E00C64F45 /* AVKit.framework */ = {isa = PBXFileReference; lastKnownFileType = wrapper.framework; name = AVKit.framework; path = System/Library/Frameworks/AVKit.framework; sourceTree = SDKROOT; };
		B4ECE61E21550BC700E7FEA5 /* AnastasiaMusicFiles.app */ = {isa = PBXFileReference; explicitFileType = wrapper.application; includeInIndex = 0; path = AnastasiaMusicFiles.app; sourceTree = BUILT_PRODUCTS_DIR; };
		B4ECE62021550BC700E7FEA5 /* AppDelegate.swift */ = {isa = PBXFileReference; lastKnownFileType = sourcecode.swift; path = AppDelegate.swift; sourceTree = "<group>"; };
		B4ECE62221550BC700E7FEA5 /* DocumentBrowserViewController.swift */ = {isa = PBXFileReference; lastKnownFileType = sourcecode.swift; path = DocumentBrowserViewController.swift; sourceTree = "<group>"; };
		B4ECE62421550BC700E7FEA5 /* DocumentViewController.swift */ = {isa = PBXFileReference; lastKnownFileType = sourcecode.swift; path = DocumentViewController.swift; sourceTree = "<group>"; };
		B4ECE62621550BC700E7FEA5 /* Document.swift */ = {isa = PBXFileReference; lastKnownFileType = sourcecode.swift; path = Document.swift; sourceTree = "<group>"; };
		B4ECE62921550BC700E7FEA5 /* Base */ = {isa = PBXFileReference; lastKnownFileType = file.storyboard; name = Base; path = Base.lproj/Main.storyboard; sourceTree = "<group>"; };
		B4ECE62B21550BC800E7FEA5 /* Assets.xcassets */ = {isa = PBXFileReference; lastKnownFileType = folder.assetcatalog; path = Assets.xcassets; sourceTree = "<group>"; };
		B4ECE62E21550BC800E7FEA5 /* Base */ = {isa = PBXFileReference; lastKnownFileType = file.storyboard; name = Base; path = Base.lproj/LaunchScreen.storyboard; sourceTree = "<group>"; };
		B4ECE63021550BC800E7FEA5 /* Info.plist */ = {isa = PBXFileReference; lastKnownFileType = text.plist.xml; path = Info.plist; sourceTree = "<group>"; };
		B4ED63162154EF7500145508 /* Application.swift */ = {isa = PBXFileReference; lastKnownFileType = sourcecode.swift; path = Application.swift; sourceTree = "<group>"; };
		B4ED63202154FA6400145508 /* Navigator.swift */ = {isa = PBXFileReference; fileEncoding = 4; lastKnownFileType = sourcecode.swift; path = Navigator.swift; sourceTree = "<group>"; };
		DEEBAF611CB0B174359EE3E1 /* Pods_AnastasiaMusic_Domain.framework */ = {isa = PBXFileReference; explicitFileType = wrapper.framework; includeInIndex = 0; path = Pods_AnastasiaMusic_Domain.framework; sourceTree = BUILT_PRODUCTS_DIR; };
		EADFEA3E82865894725AC4DD /* Pods-AnastasiaMusic-PlatformTests.release.xcconfig */ = {isa = PBXFileReference; includeInIndex = 1; lastKnownFileType = text.xcconfig; name = "Pods-AnastasiaMusic-PlatformTests.release.xcconfig"; path = "Pods/Target Support Files/Pods-AnastasiaMusic-PlatformTests/Pods-AnastasiaMusic-PlatformTests.release.xcconfig"; sourceTree = "<group>"; };
/* End PBXFileReference section */

/* Begin PBXFrameworksBuildPhase section */
		B431FE6D2153235500874EBD /* Frameworks */ = {
			isa = PBXFrameworksBuildPhase;
			buildActionMask = 2147483647;
			files = (
				17580286063913A2ABC9608E /* Pods_AnastasiaMusic_Platform.framework in Frameworks */,
			);
			runOnlyForDeploymentPostprocessing = 0;
		};
		B45309692154EBB500A5A74D /* Frameworks */ = {
			isa = PBXFrameworksBuildPhase;
			buildActionMask = 2147483647;
			files = (
				0A5108F3D4571ABAE36864CE /* Pods_AnastasiaMusic_Common.framework in Frameworks */,
			);
			runOnlyForDeploymentPostprocessing = 0;
		};
		B46DB5A121533A1A007A135C /* Frameworks */ = {
			isa = PBXFrameworksBuildPhase;
			buildActionMask = 2147483647;
			files = (
				B46DB5A921533A1A007A135C /* Platform.framework in Frameworks */,
				D14533989863FC0C926C622C /* Pods_AnastasiaMusic_PlatformTests.framework in Frameworks */,
			);
			runOnlyForDeploymentPostprocessing = 0;
		};
		B483334E212202530043709A /* Frameworks */ = {
			isa = PBXFrameworksBuildPhase;
			buildActionMask = 2147483647;
			files = (
				B4C132022153216300571796 /* Domain.framework in Frameworks */,
				B464CEEB212D390F009E80BE /* AVFoundation.framework in Frameworks */,
				B45309732154EBB500A5A74D /* Common.framework in Frameworks */,
				F899DB6661AC5F59A17D9E8B /* Pods_AnastasiaMusic.framework in Frameworks */,
				B431FE772153235500874EBD /* Platform.framework in Frameworks */,
			);
			runOnlyForDeploymentPostprocessing = 0;
		};
		B4C131F82153216300571796 /* Frameworks */ = {
			isa = PBXFrameworksBuildPhase;
			buildActionMask = 2147483647;
			files = (
				3B4D7A20F3D49306427BD506 /* Pods_AnastasiaMusic_Domain.framework in Frameworks */,
			);
			runOnlyForDeploymentPostprocessing = 0;
		};
		B4ECE61B21550BC700E7FEA5 /* Frameworks */ = {
			isa = PBXFrameworksBuildPhase;
			buildActionMask = 2147483647;
			files = (
				B49D04E821551CEC00BA2A91 /* AVFoundation.framework in Frameworks */,
				B49D04E121551CE100BA2A91 /* Domain.framework in Frameworks */,
				B49D04E521551CE100BA2A91 /* Common.framework in Frameworks */,
				274182D4C6DD09F5DE7E1B6A /* Pods_AnastasiaMusic_AnastasiaMusicFiles.framework in Frameworks */,
				B49D04E321551CE100BA2A91 /* Platform.framework in Frameworks */,
			);
			runOnlyForDeploymentPostprocessing = 0;
		};
/* End PBXFrameworksBuildPhase section */

/* Begin PBXGroup section */
		60DF355949E7FBD53F40D11C /* Frameworks */ = {
			isa = PBXGroup;
			children = (
				B464CEEA212D390F009E80BE /* AVFoundation.framework */,
				B4D9356F212CDA6E00C64F45 /* AVKit.framework */,
				0956F4DD47F6492A041019D3 /* Pods_AnastasiaMusic.framework */,
				DEEBAF611CB0B174359EE3E1 /* Pods_AnastasiaMusic_Domain.framework */,
				36432D712A5BA80EE7A0AC63 /* Pods_AnastasiaMusic_Platform.framework */,
				671B7FA840A0CCE264DE67ED /* Pods_AnastasiaMusic_PlatformTests.framework */,
				90432BE0E5104012E287E141 /* Pods_AnastasiaMusic_Common.framework */,
				4B110F1047AD4C98464F49E4 /* Pods_AnastasiaMusic_AnastasiaMusicFiles.framework */,
			);
			name = Frameworks;
			sourceTree = "<group>";
		};
		B41963142153EBF400F408A5 /* Scenes */ = {
			isa = PBXGroup;
			children = (
				B4ED63222154FA8500145508 /* Navigator */,
				B41963162153EC2100F408A5 /* ListSongs */,
				B41963152153EC0800F408A5 /* SearchSongs */,
			);
			path = Scenes;
			sourceTree = "<group>";
		};
		B41963152153EC0800F408A5 /* SearchSongs */ = {
			isa = PBXGroup;
			children = (
				B4703F522153EE0200221467 /* SearchSongsViewModel.swift */,
				B4833356212202530043709A /* SearchSongsViewController.swift */,
				B4703F542153FAF800221467 /* SearchSongsTableCell.swift */,
			);
			path = SearchSongs;
			sourceTree = "<group>";
		};
		B41963162153EC2100F408A5 /* ListSongs */ = {
			isa = PBXGroup;
			children = (
				B47AAB5A215413C800EC7A95 /* ListSongsCellViewModel.swift */,
				B4848B67212CD61100C44F4A /* ListSongsViewController.swift */,
				B4216759212CD8A500E723B3 /* ListSongsTableCell.swift */,
			);
			path = ListSongs;
			sourceTree = "<group>";
		};
		B431FE712153235500874EBD /* Platform */ = {
			isa = PBXGroup;
			children = (
				B431FE7D2153249300874EBD /* SQLiteStack */,
				B431FE7C215323E100874EBD /* Entities */,
				B46D20052153B74900A220EE /* Repository */,
				B431FE80215324E900874EBD /* UseCases */,
				B431FE722153235500874EBD /* Platform.h */,
				B431FE732153235500874EBD /* Info.plist */,
			);
			path = Platform;
			sourceTree = "<group>";
		};
		B431FE7C215323E100874EBD /* Entities */ = {
			isa = PBXGroup;
			children = (
				B46D20042153B6E700A220EE /* Convertion */,
				B46DB59E2153301D007A135C /* Song.swift */,
			);
			path = Entities;
			sourceTree = "<group>";
		};
		B431FE7D2153249300874EBD /* SQLiteStack */ = {
			isa = PBXGroup;
			children = (
				B431FE7E215324A900874EBD /* SQLiteStack.swift */,
			);
			path = SQLiteStack;
			sourceTree = "<group>";
		};
		B431FE80215324E900874EBD /* UseCases */ = {
			isa = PBXGroup;
			children = (
				B431FE812153250400874EBD /* SongUseCase.swift */,
				B431FE85215325B700874EBD /* UseCaseProvider.swift */,
			);
			path = UseCases;
			sourceTree = "<group>";
		};
		B453096D2154EBB500A5A74D /* Common */ = {
			isa = PBXGroup;
			children = (
				B453097C2154EBED00A5A74D /* Extensions */,
				B453096E2154EBB500A5A74D /* Common.h */,
				B453096F2154EBB500A5A74D /* Info.plist */,
			);
			path = Common;
			sourceTree = "<group>";
		};
		B453097C2154EBED00A5A74D /* Extensions */ = {
			isa = PBXGroup;
			children = (
				B420A6EC21554F07000FCE2C /* ObservableType+Extensions.swift */,
				B453097D2154EC0700A5A74D /* SharedSequenceConvertibleType+Extensions.swift */,
				B46E8AD621539FD1003EBB75 /* FileManager+Extensions.swift */,
				B4D311772153A90B00772B3C /* URL+Extensions.swift */,
				B420A6EE21554FFB000FCE2C /* Reactive+Extensions.swift */,
				B420A6F021555340000FCE2C /* UIAlertController+Extensions.swift */,
				B420A6F221555505000FCE2C /* UIView+Extensions.swift */,
			);
			path = Extensions;
			sourceTree = "<group>";
		};
		B46D20042153B6E700A220EE /* Convertion */ = {
			isa = PBXGroup;
			children = (
				B46E8AD82153A14B003EBB75 /* StorableType.swift */,
			);
			path = Convertion;
			sourceTree = "<group>";
		};
		B46D20052153B74900A220EE /* Repository */ = {
			isa = PBXGroup;
			children = (
				B46E8ADA2153A157003EBB75 /* Repository.swift */,
			);
			path = Repository;
			sourceTree = "<group>";
		};
		B46DB5A521533A1A007A135C /* PlatformTests */ = {
			isa = PBXGroup;
			children = (
				B46DB5A621533A1A007A135C /* PlatformTests.swift */,
				B46DB5A821533A1A007A135C /* Info.plist */,
			);
			path = PlatformTests;
			sourceTree = "<group>";
		};
		B4703F4F2153ED9100221467 /* Common */ = {
			isa = PBXGroup;
			children = (
				B4703F502153EDA200221467 /* ViewModelType.swift */,
			);
			path = Common;
			sourceTree = "<group>";
		};
		B4833348212202530043709A = {
			isa = PBXGroup;
			children = (
				B4833353212202530043709A /* AnastasiaMusic */,
				B4ECE61F21550BC700E7FEA5 /* AnastasiaMusicFiles */,
				B453096D2154EBB500A5A74D /* Common */,
				B4C131FC2153216300571796 /* Domain */,
				B431FE712153235500874EBD /* Platform */,
				B46DB5A521533A1A007A135C /* PlatformTests */,
				B4833352212202530043709A /* Products */,
				C89F356D51D48795ED652DF1 /* Pods */,
				60DF355949E7FBD53F40D11C /* Frameworks */,
			);
			sourceTree = "<group>";
		};
		B4833352212202530043709A /* Products */ = {
			isa = PBXGroup;
			children = (
				B4833351212202530043709A /* AnastasiaMusic.app */,
				B4C131FB2153216300571796 /* Domain.framework */,
				B431FE702153235500874EBD /* Platform.framework */,
				B46DB5A421533A1A007A135C /* PlatformTests.xctest */,
				B453096C2154EBB500A5A74D /* Common.framework */,
				B4ECE61E21550BC700E7FEA5 /* AnastasiaMusicFiles.app */,
			);
			name = Products;
			sourceTree = "<group>";
		};
		B4833353212202530043709A /* AnastasiaMusic */ = {
			isa = PBXGroup;
			children = (
				B4ED63152154EF6900145508 /* Application */,
				B4703F4F2153ED9100221467 /* Common */,
				B41963142153EBF400F408A5 /* Scenes */,
				B4833354212202530043709A /* AppDelegate.swift */,
				B4833358212202530043709A /* Main.storyboard */,
				B483335B212202540043709A /* Assets.xcassets */,
				B483335D212202540043709A /* LaunchScreen.storyboard */,
				B4833360212202540043709A /* Info.plist */,
			);
			path = AnastasiaMusic;
			sourceTree = "<group>";
		};
		B4891ABB21550E220080D08C /* Application */ = {
			isa = PBXGroup;
			children = (
				B4891ABC21550E2E0080D08C /* Application.swift */,
			);
			path = Application;
			sourceTree = "<group>";
		};
		B49D04D3215510F200BA2A91 /* Scenes */ = {
			isa = PBXGroup;
			children = (
				B49D04D4215510F200BA2A91 /* Navigator */,
				B49D04D6215510F200BA2A91 /* SearchSongs */,
			);
			path = Scenes;
			sourceTree = "<group>";
		};
		B49D04D4215510F200BA2A91 /* Navigator */ = {
			isa = PBXGroup;
			children = (
				B49D04D5215510F200BA2A91 /* Navigator.swift */,
			);
			path = Navigator;
			sourceTree = "<group>";
		};
		B49D04D6215510F200BA2A91 /* SearchSongs */ = {
			isa = PBXGroup;
			children = (
				B49D04D7215510F200BA2A91 /* SearchSongsTableCell.swift */,
				B49D04D8215510F200BA2A91 /* SearchSongsViewController.swift */,
				B49D04D9215510F200BA2A91 /* SearchSongsViewModel.swift */,
			);
			path = SearchSongs;
			sourceTree = "<group>";
		};
		B49D04DE215510FC00BA2A91 /* Common */ = {
			isa = PBXGroup;
			children = (
				B49D04DF215510FC00BA2A91 /* ViewModelType.swift */,
			);
			path = Common;
			sourceTree = "<group>";
		};
		B4C131FC2153216300571796 /* Domain */ = {
			isa = PBXGroup;
			children = (
				B4C1320B215321AF00571796 /* Entries */,
				B4C13208215321AF00571796 /* UseCases */,
				B4C131FD2153216300571796 /* Domain.h */,
				B4C131FE2153216300571796 /* Info.plist */,
			);
			path = Domain;
			sourceTree = "<group>";
		};
		B4C13208215321AF00571796 /* UseCases */ = {
			isa = PBXGroup;
			children = (
				B4C13209215321AF00571796 /* SongUseCaseType.swift */,
				B4C1320A215321AF00571796 /* UseCaseProviderType.swift */,
			);
			path = UseCases;
			sourceTree = "<group>";
		};
		B4C1320B215321AF00571796 /* Entries */ = {
			isa = PBXGroup;
			children = (
				B4C1320C215321AF00571796 /* Song.swift */,
			);
			path = Entries;
			sourceTree = "<group>";
		};
		B4ECE61F21550BC700E7FEA5 /* AnastasiaMusicFiles */ = {
			isa = PBXGroup;
			children = (
				B4891ABB21550E220080D08C /* Application */,
				B49D04DE215510FC00BA2A91 /* Common */,
				B49D04D3215510F200BA2A91 /* Scenes */,
				B4ECE62021550BC700E7FEA5 /* AppDelegate.swift */,
				B4ECE62221550BC700E7FEA5 /* DocumentBrowserViewController.swift */,
				B4ECE62421550BC700E7FEA5 /* DocumentViewController.swift */,
				B4ECE62621550BC700E7FEA5 /* Document.swift */,
				B4ECE62821550BC700E7FEA5 /* Main.storyboard */,
				B4ECE62B21550BC800E7FEA5 /* Assets.xcassets */,
				B4ECE62D21550BC800E7FEA5 /* LaunchScreen.storyboard */,
				B4ECE63021550BC800E7FEA5 /* Info.plist */,
			);
			path = AnastasiaMusicFiles;
			sourceTree = "<group>";
		};
		B4ED63152154EF6900145508 /* Application */ = {
			isa = PBXGroup;
			children = (
				B4ED63162154EF7500145508 /* Application.swift */,
			);
			path = Application;
			sourceTree = "<group>";
		};
		B4ED63222154FA8500145508 /* Navigator */ = {
			isa = PBXGroup;
			children = (
				B4ED63202154FA6400145508 /* Navigator.swift */,
			);
			path = Navigator;
			sourceTree = "<group>";
		};
		C89F356D51D48795ED652DF1 /* Pods */ = {
			isa = PBXGroup;
			children = (
				389DB28080B0D79313A2ECDF /* Pods-AnastasiaMusic.debug.xcconfig */,
				53093FFEDBAB524F99CED3F4 /* Pods-AnastasiaMusic.release.xcconfig */,
				0CC070557ACB18570C6546ED /* Pods-AnastasiaMusic-Domain.debug.xcconfig */,
				2B26EAA4870B7C7F54474DBF /* Pods-AnastasiaMusic-Domain.release.xcconfig */,
				181538C879066B4C6EC37257 /* Pods-AnastasiaMusic-Platform.debug.xcconfig */,
				305F0C5254EE76E5B64D3692 /* Pods-AnastasiaMusic-Platform.release.xcconfig */,
				48CFB8D6A4C17870C8676484 /* Pods-AnastasiaMusic-PlatformTests.debug.xcconfig */,
				EADFEA3E82865894725AC4DD /* Pods-AnastasiaMusic-PlatformTests.release.xcconfig */,
				9102287C4D9AD4C712904FA1 /* Pods-AnastasiaMusic-Common.debug.xcconfig */,
				972F66D215746D953A656602 /* Pods-AnastasiaMusic-Common.release.xcconfig */,
				6FECD44F9C0793B4A6BD450E /* Pods-AnastasiaMusic-AnastasiaMusicFiles.debug.xcconfig */,
				22B9994B2B7F8DAB16EFA111 /* Pods-AnastasiaMusic-AnastasiaMusicFiles.release.xcconfig */,
			);
			name = Pods;
			sourceTree = "<group>";
		};
/* End PBXGroup section */

/* Begin PBXHeadersBuildPhase section */
		B431FE6B2153235500874EBD /* Headers */ = {
			isa = PBXHeadersBuildPhase;
			buildActionMask = 2147483647;
			files = (
				B431FE742153235500874EBD /* Platform.h in Headers */,
			);
			runOnlyForDeploymentPostprocessing = 0;
		};
		B45309672154EBB500A5A74D /* Headers */ = {
			isa = PBXHeadersBuildPhase;
			buildActionMask = 2147483647;
			files = (
				B45309702154EBB500A5A74D /* Common.h in Headers */,
			);
			runOnlyForDeploymentPostprocessing = 0;
		};
		B4C131F62153216300571796 /* Headers */ = {
			isa = PBXHeadersBuildPhase;
			buildActionMask = 2147483647;
			files = (
				B4C131FF2153216300571796 /* Domain.h in Headers */,
			);
			runOnlyForDeploymentPostprocessing = 0;
		};
/* End PBXHeadersBuildPhase section */

/* Begin PBXNativeTarget section */
		B431FE6F2153235500874EBD /* Platform */ = {
			isa = PBXNativeTarget;
			buildConfigurationList = B431FE792153235500874EBD /* Build configuration list for PBXNativeTarget "Platform" */;
			buildPhases = (
				86A18ACF5720CF6B37458DF4 /* [CP] Check Pods Manifest.lock */,
				B431FE6B2153235500874EBD /* Headers */,
				B431FE6C2153235500874EBD /* Sources */,
				B431FE6D2153235500874EBD /* Frameworks */,
				B431FE6E2153235500874EBD /* Resources */,
				0F6B7F595E27910887171242 /* [CP] Copy Pods Resources */,
			);
			buildRules = (
			);
			dependencies = (
				B453097B2154EBCC00A5A74D /* PBXTargetDependency */,
				B431FE842153251A00874EBD /* PBXTargetDependency */,
			);
			name = Platform;
			productName = Platform;
			productReference = B431FE702153235500874EBD /* Platform.framework */;
			productType = "com.apple.product-type.framework";
		};
		B453096B2154EBB500A5A74D /* Common */ = {
			isa = PBXNativeTarget;
			buildConfigurationList = B45309752154EBB500A5A74D /* Build configuration list for PBXNativeTarget "Common" */;
			buildPhases = (
				DED9C906FEA36A6AB86E0B5C /* [CP] Check Pods Manifest.lock */,
				B45309672154EBB500A5A74D /* Headers */,
				B45309682154EBB500A5A74D /* Sources */,
				B45309692154EBB500A5A74D /* Frameworks */,
				B453096A2154EBB500A5A74D /* Resources */,
				D86FB1B25CA78A8E68B0157F /* [CP] Copy Pods Resources */,
			);
			buildRules = (
			);
			dependencies = (
			);
			name = Common;
			productName = Common;
			productReference = B453096C2154EBB500A5A74D /* Common.framework */;
			productType = "com.apple.product-type.framework";
		};
		B46DB5A321533A1A007A135C /* PlatformTests */ = {
			isa = PBXNativeTarget;
			buildConfigurationList = B46DB5AC21533A1A007A135C /* Build configuration list for PBXNativeTarget "PlatformTests" */;
			buildPhases = (
				224ADA5EE646CC4BEA573BE3 /* [CP] Check Pods Manifest.lock */,
				B46DB5A021533A1A007A135C /* Sources */,
				B46DB5A121533A1A007A135C /* Frameworks */,
				B46DB5A221533A1A007A135C /* Resources */,
				EDF7A1D4469D78913A9C1B08 /* [CP] Embed Pods Frameworks */,
				0248F0A015A40BBFE6E56298 /* [CP] Copy Pods Resources */,
			);
			buildRules = (
			);
			dependencies = (
				B46DB5AB21533A1A007A135C /* PBXTargetDependency */,
			);
			name = PlatformTests;
			productName = PlatformTests;
			productReference = B46DB5A421533A1A007A135C /* PlatformTests.xctest */;
			productType = "com.apple.product-type.bundle.unit-test";
		};
		B4833350212202530043709A /* AnastasiaMusic */ = {
			isa = PBXNativeTarget;
			buildConfigurationList = B4833363212202540043709A /* Build configuration list for PBXNativeTarget "AnastasiaMusic" */;
			buildPhases = (
				DF6FBFE57A9DF995D4E395C4 /* [CP] Check Pods Manifest.lock */,
				B483334D212202530043709A /* Sources */,
				B483334E212202530043709A /* Frameworks */,
				B483334F212202530043709A /* Resources */,
				07483EF5B6D9C39AC63989BB /* [CP] Embed Pods Frameworks */,
				2A422B65CB8E0A6FA2B453AE /* [CP] Copy Pods Resources */,
				B4C132072153216300571796 /* Embed Frameworks */,
			);
			buildRules = (
			);
			dependencies = (
				B4C132012153216300571796 /* PBXTargetDependency */,
				B431FE762153235500874EBD /* PBXTargetDependency */,
				B45309722154EBB500A5A74D /* PBXTargetDependency */,
			);
			name = AnastasiaMusic;
			productName = AnastasiaMusic;
			productReference = B4833351212202530043709A /* AnastasiaMusic.app */;
			productType = "com.apple.product-type.application";
		};
		B4C131FA2153216300571796 /* Domain */ = {
			isa = PBXNativeTarget;
			buildConfigurationList = B4C132042153216300571796 /* Build configuration list for PBXNativeTarget "Domain" */;
			buildPhases = (
				C0E1D1199C02FA9987DD80D3 /* [CP] Check Pods Manifest.lock */,
				B4C131F62153216300571796 /* Headers */,
				B4C131F72153216300571796 /* Sources */,
				B4C131F82153216300571796 /* Frameworks */,
				B4C131F92153216300571796 /* Resources */,
				896F5079A1D353B059085BC2 /* [CP] Copy Pods Resources */,
			);
			buildRules = (
			);
			dependencies = (
				B45309792154EBC600A5A74D /* PBXTargetDependency */,
			);
			name = Domain;
			productName = Domain;
			productReference = B4C131FB2153216300571796 /* Domain.framework */;
			productType = "com.apple.product-type.framework";
		};
		B4ECE61D21550BC700E7FEA5 /* AnastasiaMusicFiles */ = {
			isa = PBXNativeTarget;
			buildConfigurationList = B4ECE63321550BC800E7FEA5 /* Build configuration list for PBXNativeTarget "AnastasiaMusicFiles" */;
			buildPhases = (
				4B462B17240C856E3D1DCD3B /* [CP] Check Pods Manifest.lock */,
				B4ECE61A21550BC700E7FEA5 /* Sources */,
				B4ECE61B21550BC700E7FEA5 /* Frameworks */,
				B4ECE61C21550BC700E7FEA5 /* Resources */,
				9EA745530F3633C2953B661C /* [CP] Embed Pods Frameworks */,
				0977411BDDF1866088BB148E /* [CP] Copy Pods Resources */,
				B49D04E721551CE200BA2A91 /* Embed Frameworks */,
			);
			buildRules = (
			);
			dependencies = (
				B4ECE63521550DBD00E7FEA5 /* PBXTargetDependency */,
				B4ECE63721550DBD00E7FEA5 /* PBXTargetDependency */,
				B4ECE63921550DBD00E7FEA5 /* PBXTargetDependency */,
			);
			name = AnastasiaMusicFiles;
			productName = AnastasiaMusicFiles;
			productReference = B4ECE61E21550BC700E7FEA5 /* AnastasiaMusicFiles.app */;
			productType = "com.apple.product-type.application";
		};
/* End PBXNativeTarget section */

/* Begin PBXProject section */
		B4833349212202530043709A /* Project object */ = {
			isa = PBXProject;
			attributes = {
				LastSwiftUpdateCheck = 1000;
				LastUpgradeCheck = 0940;
				ORGANIZATIONNAME = "Yuriy Levytskyy";
				TargetAttributes = {
					B431FE6F2153235500874EBD = {
						CreatedOnToolsVersion = 10.0;
						LastSwiftMigration = 1000;
					};
					B453096B2154EBB500A5A74D = {
						CreatedOnToolsVersion = 10.0;
						LastSwiftMigration = 1000;
					};
					B46DB5A321533A1A007A135C = {
						CreatedOnToolsVersion = 10.0;
					};
					B4833350212202530043709A = {
						CreatedOnToolsVersion = 9.4.1;
					};
					B4C131FA2153216300571796 = {
						CreatedOnToolsVersion = 10.0;
					};
					B4ECE61D21550BC700E7FEA5 = {
						CreatedOnToolsVersion = 10.0;
					};
				};
			};
			buildConfigurationList = B483334C212202530043709A /* Build configuration list for PBXProject "AnastasiaMusic" */;
			compatibilityVersion = "Xcode 9.3";
			developmentRegion = en;
			hasScannedForEncodings = 0;
			knownRegions = (
				en,
				Base,
			);
			mainGroup = B4833348212202530043709A;
			productRefGroup = B4833352212202530043709A /* Products */;
			projectDirPath = "";
			projectRoot = "";
			targets = (
				B4833350212202530043709A /* AnastasiaMusic */,
				B4ECE61D21550BC700E7FEA5 /* AnastasiaMusicFiles */,
				B453096B2154EBB500A5A74D /* Common */,
				B4C131FA2153216300571796 /* Domain */,
				B431FE6F2153235500874EBD /* Platform */,
				B46DB5A321533A1A007A135C /* PlatformTests */,
			);
		};
/* End PBXProject section */

/* Begin PBXResourcesBuildPhase section */
		B431FE6E2153235500874EBD /* Resources */ = {
			isa = PBXResourcesBuildPhase;
			buildActionMask = 2147483647;
			files = (
			);
			runOnlyForDeploymentPostprocessing = 0;
		};
		B453096A2154EBB500A5A74D /* Resources */ = {
			isa = PBXResourcesBuildPhase;
			buildActionMask = 2147483647;
			files = (
			);
			runOnlyForDeploymentPostprocessing = 0;
		};
		B46DB5A221533A1A007A135C /* Resources */ = {
			isa = PBXResourcesBuildPhase;
			buildActionMask = 2147483647;
			files = (
			);
			runOnlyForDeploymentPostprocessing = 0;
		};
		B483334F212202530043709A /* Resources */ = {
			isa = PBXResourcesBuildPhase;
			buildActionMask = 2147483647;
			files = (
				B483335F212202540043709A /* LaunchScreen.storyboard in Resources */,
				B483335C212202540043709A /* Assets.xcassets in Resources */,
				B483335A212202530043709A /* Main.storyboard in Resources */,
			);
			runOnlyForDeploymentPostprocessing = 0;
		};
		B4C131F92153216300571796 /* Resources */ = {
			isa = PBXResourcesBuildPhase;
			buildActionMask = 2147483647;
			files = (
			);
			runOnlyForDeploymentPostprocessing = 0;
		};
		B4ECE61C21550BC700E7FEA5 /* Resources */ = {
			isa = PBXResourcesBuildPhase;
			buildActionMask = 2147483647;
			files = (
				B4ECE62F21550BC800E7FEA5 /* LaunchScreen.storyboard in Resources */,
				B4ECE62C21550BC800E7FEA5 /* Assets.xcassets in Resources */,
				B4ECE62A21550BC700E7FEA5 /* Main.storyboard in Resources */,
			);
			runOnlyForDeploymentPostprocessing = 0;
		};
/* End PBXResourcesBuildPhase section */

/* Begin PBXShellScriptBuildPhase section */
		0248F0A015A40BBFE6E56298 /* [CP] Copy Pods Resources */ = {
			isa = PBXShellScriptBuildPhase;
			buildActionMask = 2147483647;
			files = (
			);
			inputPaths = (
			);
			name = "[CP] Copy Pods Resources";
			outputPaths = (
			);
			runOnlyForDeploymentPostprocessing = 0;
			shellPath = /bin/sh;
			shellScript = "\"${SRCROOT}/Pods/Target Support Files/Pods-AnastasiaMusic-PlatformTests/Pods-AnastasiaMusic-PlatformTests-resources.sh\"\n";
			showEnvVarsInLog = 0;
		};
		07483EF5B6D9C39AC63989BB /* [CP] Embed Pods Frameworks */ = {
			isa = PBXShellScriptBuildPhase;
			buildActionMask = 2147483647;
			files = (
			);
			inputPaths = (
				"${SRCROOT}/Pods/Target Support Files/Pods-AnastasiaMusic/Pods-AnastasiaMusic-frameworks.sh",
				"${BUILT_PRODUCTS_DIR}/Alamofire/Alamofire.framework",
				"${BUILT_PRODUCTS_DIR}/AlamofireObjectMapper/AlamofireObjectMapper.framework",
				"${BUILT_PRODUCTS_DIR}/Curry/Curry.framework",
				"${BUILT_PRODUCTS_DIR}/Differentiator/Differentiator.framework",
				"${BUILT_PRODUCTS_DIR}/FMDB/FMDB.framework",
				"${BUILT_PRODUCTS_DIR}/ObjectMapper/ObjectMapper.framework",
				"${BUILT_PRODUCTS_DIR}/QorumLogs/QorumLogs.framework",
				"${BUILT_PRODUCTS_DIR}/Runes/Runes.framework",
				"${BUILT_PRODUCTS_DIR}/RxAlamofire/RxAlamofire.framework",
				"${BUILT_PRODUCTS_DIR}/RxCocoa/RxCocoa.framework",
				"${BUILT_PRODUCTS_DIR}/RxDataSources/RxDataSources.framework",
				"${BUILT_PRODUCTS_DIR}/RxGesture/RxGesture.framework",
				"${BUILT_PRODUCTS_DIR}/RxSwift/RxSwift.framework",
				"${BUILT_PRODUCTS_DIR}/RxSwiftExt/RxSwiftExt.framework",
				"${BUILT_PRODUCTS_DIR}/SwiftSoup/SwiftSoup.framework",
				"${BUILT_PRODUCTS_DIR}/Swinject/Swinject.framework",
			);
			name = "[CP] Embed Pods Frameworks";
			outputPaths = (
				"${TARGET_BUILD_DIR}/${FRAMEWORKS_FOLDER_PATH}/Alamofire.framework",
				"${TARGET_BUILD_DIR}/${FRAMEWORKS_FOLDER_PATH}/AlamofireObjectMapper.framework",
				"${TARGET_BUILD_DIR}/${FRAMEWORKS_FOLDER_PATH}/Curry.framework",
				"${TARGET_BUILD_DIR}/${FRAMEWORKS_FOLDER_PATH}/Differentiator.framework",
				"${TARGET_BUILD_DIR}/${FRAMEWORKS_FOLDER_PATH}/FMDB.framework",
				"${TARGET_BUILD_DIR}/${FRAMEWORKS_FOLDER_PATH}/ObjectMapper.framework",
				"${TARGET_BUILD_DIR}/${FRAMEWORKS_FOLDER_PATH}/QorumLogs.framework",
				"${TARGET_BUILD_DIR}/${FRAMEWORKS_FOLDER_PATH}/Runes.framework",
				"${TARGET_BUILD_DIR}/${FRAMEWORKS_FOLDER_PATH}/RxAlamofire.framework",
				"${TARGET_BUILD_DIR}/${FRAMEWORKS_FOLDER_PATH}/RxCocoa.framework",
				"${TARGET_BUILD_DIR}/${FRAMEWORKS_FOLDER_PATH}/RxDataSources.framework",
				"${TARGET_BUILD_DIR}/${FRAMEWORKS_FOLDER_PATH}/RxGesture.framework",
				"${TARGET_BUILD_DIR}/${FRAMEWORKS_FOLDER_PATH}/RxSwift.framework",
				"${TARGET_BUILD_DIR}/${FRAMEWORKS_FOLDER_PATH}/RxSwiftExt.framework",
				"${TARGET_BUILD_DIR}/${FRAMEWORKS_FOLDER_PATH}/SwiftSoup.framework",
				"${TARGET_BUILD_DIR}/${FRAMEWORKS_FOLDER_PATH}/Swinject.framework",
			);
			runOnlyForDeploymentPostprocessing = 0;
			shellPath = /bin/sh;
			shellScript = "\"${SRCROOT}/Pods/Target Support Files/Pods-AnastasiaMusic/Pods-AnastasiaMusic-frameworks.sh\"\n";
			showEnvVarsInLog = 0;
		};
		0977411BDDF1866088BB148E /* [CP] Copy Pods Resources */ = {
			isa = PBXShellScriptBuildPhase;
			buildActionMask = 2147483647;
			files = (
			);
			inputPaths = (
			);
			name = "[CP] Copy Pods Resources";
			outputPaths = (
			);
			runOnlyForDeploymentPostprocessing = 0;
			shellPath = /bin/sh;
			shellScript = "\"${SRCROOT}/Pods/Target Support Files/Pods-AnastasiaMusic-AnastasiaMusicFiles/Pods-AnastasiaMusic-AnastasiaMusicFiles-resources.sh\"\n";
			showEnvVarsInLog = 0;
		};
		0F6B7F595E27910887171242 /* [CP] Copy Pods Resources */ = {
			isa = PBXShellScriptBuildPhase;
			buildActionMask = 2147483647;
			files = (
			);
			inputPaths = (
			);
			name = "[CP] Copy Pods Resources";
			outputPaths = (
			);
			runOnlyForDeploymentPostprocessing = 0;
			shellPath = /bin/sh;
			shellScript = "\"${SRCROOT}/Pods/Target Support Files/Pods-AnastasiaMusic-Platform/Pods-AnastasiaMusic-Platform-resources.sh\"\n";
			showEnvVarsInLog = 0;
		};
		224ADA5EE646CC4BEA573BE3 /* [CP] Check Pods Manifest.lock */ = {
			isa = PBXShellScriptBuildPhase;
			buildActionMask = 2147483647;
			files = (
			);
			inputPaths = (
				"${PODS_PODFILE_DIR_PATH}/Podfile.lock",
				"${PODS_ROOT}/Manifest.lock",
			);
			name = "[CP] Check Pods Manifest.lock";
			outputPaths = (
				"$(DERIVED_FILE_DIR)/Pods-AnastasiaMusic-PlatformTests-checkManifestLockResult.txt",
			);
			runOnlyForDeploymentPostprocessing = 0;
			shellPath = /bin/sh;
			shellScript = "diff \"${PODS_PODFILE_DIR_PATH}/Podfile.lock\" \"${PODS_ROOT}/Manifest.lock\" > /dev/null\nif [ $? != 0 ] ; then\n    # print error to STDERR\n    echo \"error: The sandbox is not in sync with the Podfile.lock. Run 'pod install' or update your CocoaPods installation.\" >&2\n    exit 1\nfi\n# This output is used by Xcode 'outputs' to avoid re-running this script phase.\necho \"SUCCESS\" > \"${SCRIPT_OUTPUT_FILE_0}\"\n";
			showEnvVarsInLog = 0;
		};
		2A422B65CB8E0A6FA2B453AE /* [CP] Copy Pods Resources */ = {
			isa = PBXShellScriptBuildPhase;
			buildActionMask = 2147483647;
			files = (
			);
			inputPaths = (
			);
			name = "[CP] Copy Pods Resources";
			outputPaths = (
			);
			runOnlyForDeploymentPostprocessing = 0;
			shellPath = /bin/sh;
			shellScript = "\"${SRCROOT}/Pods/Target Support Files/Pods-AnastasiaMusic/Pods-AnastasiaMusic-resources.sh\"\n";
			showEnvVarsInLog = 0;
		};
		4B462B17240C856E3D1DCD3B /* [CP] Check Pods Manifest.lock */ = {
			isa = PBXShellScriptBuildPhase;
			buildActionMask = 2147483647;
			files = (
			);
			inputPaths = (
				"${PODS_PODFILE_DIR_PATH}/Podfile.lock",
				"${PODS_ROOT}/Manifest.lock",
			);
			name = "[CP] Check Pods Manifest.lock";
			outputPaths = (
				"$(DERIVED_FILE_DIR)/Pods-AnastasiaMusic-AnastasiaMusicFiles-checkManifestLockResult.txt",
			);
			runOnlyForDeploymentPostprocessing = 0;
			shellPath = /bin/sh;
			shellScript = "diff \"${PODS_PODFILE_DIR_PATH}/Podfile.lock\" \"${PODS_ROOT}/Manifest.lock\" > /dev/null\nif [ $? != 0 ] ; then\n    # print error to STDERR\n    echo \"error: The sandbox is not in sync with the Podfile.lock. Run 'pod install' or update your CocoaPods installation.\" >&2\n    exit 1\nfi\n# This output is used by Xcode 'outputs' to avoid re-running this script phase.\necho \"SUCCESS\" > \"${SCRIPT_OUTPUT_FILE_0}\"\n";
			showEnvVarsInLog = 0;
		};
		86A18ACF5720CF6B37458DF4 /* [CP] Check Pods Manifest.lock */ = {
			isa = PBXShellScriptBuildPhase;
			buildActionMask = 2147483647;
			files = (
			);
			inputPaths = (
				"${PODS_PODFILE_DIR_PATH}/Podfile.lock",
				"${PODS_ROOT}/Manifest.lock",
			);
			name = "[CP] Check Pods Manifest.lock";
			outputPaths = (
				"$(DERIVED_FILE_DIR)/Pods-AnastasiaMusic-Platform-checkManifestLockResult.txt",
			);
			runOnlyForDeploymentPostprocessing = 0;
			shellPath = /bin/sh;
			shellScript = "diff \"${PODS_PODFILE_DIR_PATH}/Podfile.lock\" \"${PODS_ROOT}/Manifest.lock\" > /dev/null\nif [ $? != 0 ] ; then\n    # print error to STDERR\n    echo \"error: The sandbox is not in sync with the Podfile.lock. Run 'pod install' or update your CocoaPods installation.\" >&2\n    exit 1\nfi\n# This output is used by Xcode 'outputs' to avoid re-running this script phase.\necho \"SUCCESS\" > \"${SCRIPT_OUTPUT_FILE_0}\"\n";
			showEnvVarsInLog = 0;
		};
		896F5079A1D353B059085BC2 /* [CP] Copy Pods Resources */ = {
			isa = PBXShellScriptBuildPhase;
			buildActionMask = 2147483647;
			files = (
			);
			inputPaths = (
			);
			name = "[CP] Copy Pods Resources";
			outputPaths = (
			);
			runOnlyForDeploymentPostprocessing = 0;
			shellPath = /bin/sh;
			shellScript = "\"${SRCROOT}/Pods/Target Support Files/Pods-AnastasiaMusic-Domain/Pods-AnastasiaMusic-Domain-resources.sh\"\n";
			showEnvVarsInLog = 0;
		};
		9EA745530F3633C2953B661C /* [CP] Embed Pods Frameworks */ = {
			isa = PBXShellScriptBuildPhase;
			buildActionMask = 2147483647;
			files = (
			);
			inputPaths = (
				"${SRCROOT}/Pods/Target Support Files/Pods-AnastasiaMusic-AnastasiaMusicFiles/Pods-AnastasiaMusic-AnastasiaMusicFiles-frameworks.sh",
				"${BUILT_PRODUCTS_DIR}/Alamofire/Alamofire.framework",
				"${BUILT_PRODUCTS_DIR}/AlamofireObjectMapper/AlamofireObjectMapper.framework",
				"${BUILT_PRODUCTS_DIR}/Curry/Curry.framework",
				"${BUILT_PRODUCTS_DIR}/Differentiator/Differentiator.framework",
				"${BUILT_PRODUCTS_DIR}/FMDB/FMDB.framework",
				"${BUILT_PRODUCTS_DIR}/ObjectMapper/ObjectMapper.framework",
				"${BUILT_PRODUCTS_DIR}/QorumLogs/QorumLogs.framework",
				"${BUILT_PRODUCTS_DIR}/Runes/Runes.framework",
				"${BUILT_PRODUCTS_DIR}/RxAlamofire/RxAlamofire.framework",
				"${BUILT_PRODUCTS_DIR}/RxCocoa/RxCocoa.framework",
				"${BUILT_PRODUCTS_DIR}/RxDataSources/RxDataSources.framework",
				"${BUILT_PRODUCTS_DIR}/RxGesture/RxGesture.framework",
				"${BUILT_PRODUCTS_DIR}/RxSwift/RxSwift.framework",
				"${BUILT_PRODUCTS_DIR}/RxSwiftExt/RxSwiftExt.framework",
				"${BUILT_PRODUCTS_DIR}/SwiftSoup/SwiftSoup.framework",
				"${BUILT_PRODUCTS_DIR}/Swinject/Swinject.framework",
			);
			name = "[CP] Embed Pods Frameworks";
			outputPaths = (
				"${TARGET_BUILD_DIR}/${FRAMEWORKS_FOLDER_PATH}/Alamofire.framework",
				"${TARGET_BUILD_DIR}/${FRAMEWORKS_FOLDER_PATH}/AlamofireObjectMapper.framework",
				"${TARGET_BUILD_DIR}/${FRAMEWORKS_FOLDER_PATH}/Curry.framework",
				"${TARGET_BUILD_DIR}/${FRAMEWORKS_FOLDER_PATH}/Differentiator.framework",
				"${TARGET_BUILD_DIR}/${FRAMEWORKS_FOLDER_PATH}/FMDB.framework",
				"${TARGET_BUILD_DIR}/${FRAMEWORKS_FOLDER_PATH}/ObjectMapper.framework",
				"${TARGET_BUILD_DIR}/${FRAMEWORKS_FOLDER_PATH}/QorumLogs.framework",
				"${TARGET_BUILD_DIR}/${FRAMEWORKS_FOLDER_PATH}/Runes.framework",
				"${TARGET_BUILD_DIR}/${FRAMEWORKS_FOLDER_PATH}/RxAlamofire.framework",
				"${TARGET_BUILD_DIR}/${FRAMEWORKS_FOLDER_PATH}/RxCocoa.framework",
				"${TARGET_BUILD_DIR}/${FRAMEWORKS_FOLDER_PATH}/RxDataSources.framework",
				"${TARGET_BUILD_DIR}/${FRAMEWORKS_FOLDER_PATH}/RxGesture.framework",
				"${TARGET_BUILD_DIR}/${FRAMEWORKS_FOLDER_PATH}/RxSwift.framework",
				"${TARGET_BUILD_DIR}/${FRAMEWORKS_FOLDER_PATH}/RxSwiftExt.framework",
				"${TARGET_BUILD_DIR}/${FRAMEWORKS_FOLDER_PATH}/SwiftSoup.framework",
				"${TARGET_BUILD_DIR}/${FRAMEWORKS_FOLDER_PATH}/Swinject.framework",
			);
			runOnlyForDeploymentPostprocessing = 0;
			shellPath = /bin/sh;
			shellScript = "\"${SRCROOT}/Pods/Target Support Files/Pods-AnastasiaMusic-AnastasiaMusicFiles/Pods-AnastasiaMusic-AnastasiaMusicFiles-frameworks.sh\"\n";
			showEnvVarsInLog = 0;
		};
		C0E1D1199C02FA9987DD80D3 /* [CP] Check Pods Manifest.lock */ = {
			isa = PBXShellScriptBuildPhase;
			buildActionMask = 2147483647;
			files = (
			);
			inputPaths = (
				"${PODS_PODFILE_DIR_PATH}/Podfile.lock",
				"${PODS_ROOT}/Manifest.lock",
			);
			name = "[CP] Check Pods Manifest.lock";
			outputPaths = (
				"$(DERIVED_FILE_DIR)/Pods-AnastasiaMusic-Domain-checkManifestLockResult.txt",
			);
			runOnlyForDeploymentPostprocessing = 0;
			shellPath = /bin/sh;
			shellScript = "diff \"${PODS_PODFILE_DIR_PATH}/Podfile.lock\" \"${PODS_ROOT}/Manifest.lock\" > /dev/null\nif [ $? != 0 ] ; then\n    # print error to STDERR\n    echo \"error: The sandbox is not in sync with the Podfile.lock. Run 'pod install' or update your CocoaPods installation.\" >&2\n    exit 1\nfi\n# This output is used by Xcode 'outputs' to avoid re-running this script phase.\necho \"SUCCESS\" > \"${SCRIPT_OUTPUT_FILE_0}\"\n";
			showEnvVarsInLog = 0;
		};
		D86FB1B25CA78A8E68B0157F /* [CP] Copy Pods Resources */ = {
			isa = PBXShellScriptBuildPhase;
			buildActionMask = 2147483647;
			files = (
			);
			inputPaths = (
			);
			name = "[CP] Copy Pods Resources";
			outputPaths = (
			);
			runOnlyForDeploymentPostprocessing = 0;
			shellPath = /bin/sh;
			shellScript = "\"${SRCROOT}/Pods/Target Support Files/Pods-AnastasiaMusic-Common/Pods-AnastasiaMusic-Common-resources.sh\"\n";
			showEnvVarsInLog = 0;
		};
		DED9C906FEA36A6AB86E0B5C /* [CP] Check Pods Manifest.lock */ = {
			isa = PBXShellScriptBuildPhase;
			buildActionMask = 2147483647;
			files = (
			);
			inputPaths = (
				"${PODS_PODFILE_DIR_PATH}/Podfile.lock",
				"${PODS_ROOT}/Manifest.lock",
			);
			name = "[CP] Check Pods Manifest.lock";
			outputPaths = (
				"$(DERIVED_FILE_DIR)/Pods-AnastasiaMusic-Common-checkManifestLockResult.txt",
			);
			runOnlyForDeploymentPostprocessing = 0;
			shellPath = /bin/sh;
			shellScript = "diff \"${PODS_PODFILE_DIR_PATH}/Podfile.lock\" \"${PODS_ROOT}/Manifest.lock\" > /dev/null\nif [ $? != 0 ] ; then\n    # print error to STDERR\n    echo \"error: The sandbox is not in sync with the Podfile.lock. Run 'pod install' or update your CocoaPods installation.\" >&2\n    exit 1\nfi\n# This output is used by Xcode 'outputs' to avoid re-running this script phase.\necho \"SUCCESS\" > \"${SCRIPT_OUTPUT_FILE_0}\"\n";
			showEnvVarsInLog = 0;
		};
		DF6FBFE57A9DF995D4E395C4 /* [CP] Check Pods Manifest.lock */ = {
			isa = PBXShellScriptBuildPhase;
			buildActionMask = 2147483647;
			files = (
			);
			inputPaths = (
				"${PODS_PODFILE_DIR_PATH}/Podfile.lock",
				"${PODS_ROOT}/Manifest.lock",
			);
			name = "[CP] Check Pods Manifest.lock";
			outputPaths = (
				"$(DERIVED_FILE_DIR)/Pods-AnastasiaMusic-checkManifestLockResult.txt",
			);
			runOnlyForDeploymentPostprocessing = 0;
			shellPath = /bin/sh;
			shellScript = "diff \"${PODS_PODFILE_DIR_PATH}/Podfile.lock\" \"${PODS_ROOT}/Manifest.lock\" > /dev/null\nif [ $? != 0 ] ; then\n    # print error to STDERR\n    echo \"error: The sandbox is not in sync with the Podfile.lock. Run 'pod install' or update your CocoaPods installation.\" >&2\n    exit 1\nfi\n# This output is used by Xcode 'outputs' to avoid re-running this script phase.\necho \"SUCCESS\" > \"${SCRIPT_OUTPUT_FILE_0}\"\n";
			showEnvVarsInLog = 0;
		};
		EDF7A1D4469D78913A9C1B08 /* [CP] Embed Pods Frameworks */ = {
			isa = PBXShellScriptBuildPhase;
			buildActionMask = 2147483647;
			files = (
			);
			inputPaths = (
				"${SRCROOT}/Pods/Target Support Files/Pods-AnastasiaMusic-PlatformTests/Pods-AnastasiaMusic-PlatformTests-frameworks.sh",
				"${BUILT_PRODUCTS_DIR}/Alamofire/Alamofire.framework",
				"${BUILT_PRODUCTS_DIR}/AlamofireObjectMapper/AlamofireObjectMapper.framework",
				"${BUILT_PRODUCTS_DIR}/Curry/Curry.framework",
				"${BUILT_PRODUCTS_DIR}/Differentiator/Differentiator.framework",
				"${BUILT_PRODUCTS_DIR}/FMDB/FMDB.framework",
				"${BUILT_PRODUCTS_DIR}/ObjectMapper/ObjectMapper.framework",
				"${BUILT_PRODUCTS_DIR}/QorumLogs/QorumLogs.framework",
				"${BUILT_PRODUCTS_DIR}/Runes/Runes.framework",
				"${BUILT_PRODUCTS_DIR}/RxAlamofire/RxAlamofire.framework",
				"${BUILT_PRODUCTS_DIR}/RxCocoa/RxCocoa.framework",
				"${BUILT_PRODUCTS_DIR}/RxDataSources/RxDataSources.framework",
				"${BUILT_PRODUCTS_DIR}/RxGesture/RxGesture.framework",
				"${BUILT_PRODUCTS_DIR}/RxSwift/RxSwift.framework",
				"${BUILT_PRODUCTS_DIR}/RxSwiftExt/RxSwiftExt.framework",
				"${BUILT_PRODUCTS_DIR}/SwiftSoup/SwiftSoup.framework",
				"${BUILT_PRODUCTS_DIR}/Swinject/Swinject.framework",
			);
			name = "[CP] Embed Pods Frameworks";
			outputPaths = (
				"${TARGET_BUILD_DIR}/${FRAMEWORKS_FOLDER_PATH}/Alamofire.framework",
				"${TARGET_BUILD_DIR}/${FRAMEWORKS_FOLDER_PATH}/AlamofireObjectMapper.framework",
				"${TARGET_BUILD_DIR}/${FRAMEWORKS_FOLDER_PATH}/Curry.framework",
				"${TARGET_BUILD_DIR}/${FRAMEWORKS_FOLDER_PATH}/Differentiator.framework",
				"${TARGET_BUILD_DIR}/${FRAMEWORKS_FOLDER_PATH}/FMDB.framework",
				"${TARGET_BUILD_DIR}/${FRAMEWORKS_FOLDER_PATH}/ObjectMapper.framework",
				"${TARGET_BUILD_DIR}/${FRAMEWORKS_FOLDER_PATH}/QorumLogs.framework",
				"${TARGET_BUILD_DIR}/${FRAMEWORKS_FOLDER_PATH}/Runes.framework",
				"${TARGET_BUILD_DIR}/${FRAMEWORKS_FOLDER_PATH}/RxAlamofire.framework",
				"${TARGET_BUILD_DIR}/${FRAMEWORKS_FOLDER_PATH}/RxCocoa.framework",
				"${TARGET_BUILD_DIR}/${FRAMEWORKS_FOLDER_PATH}/RxDataSources.framework",
				"${TARGET_BUILD_DIR}/${FRAMEWORKS_FOLDER_PATH}/RxGesture.framework",
				"${TARGET_BUILD_DIR}/${FRAMEWORKS_FOLDER_PATH}/RxSwift.framework",
				"${TARGET_BUILD_DIR}/${FRAMEWORKS_FOLDER_PATH}/RxSwiftExt.framework",
				"${TARGET_BUILD_DIR}/${FRAMEWORKS_FOLDER_PATH}/SwiftSoup.framework",
				"${TARGET_BUILD_DIR}/${FRAMEWORKS_FOLDER_PATH}/Swinject.framework",
			);
			runOnlyForDeploymentPostprocessing = 0;
			shellPath = /bin/sh;
			shellScript = "\"${SRCROOT}/Pods/Target Support Files/Pods-AnastasiaMusic-PlatformTests/Pods-AnastasiaMusic-PlatformTests-frameworks.sh\"\n";
			showEnvVarsInLog = 0;
		};
/* End PBXShellScriptBuildPhase section */

/* Begin PBXSourcesBuildPhase section */
		B431FE6C2153235500874EBD /* Sources */ = {
			isa = PBXSourcesBuildPhase;
			buildActionMask = 2147483647;
			files = (
				B46E8ADB2153A157003EBB75 /* Repository.swift in Sources */,
				B46DB59F2153301D007A135C /* Song.swift in Sources */,
				B431FE822153250400874EBD /* SongUseCase.swift in Sources */,
				B46E8AD92153A14B003EBB75 /* StorableType.swift in Sources */,
				B431FE86215325B700874EBD /* UseCaseProvider.swift in Sources */,
				B431FE7F215324A900874EBD /* SQLiteStack.swift in Sources */,
			);
			runOnlyForDeploymentPostprocessing = 0;
		};
		B45309682154EBB500A5A74D /* Sources */ = {
			isa = PBXSourcesBuildPhase;
			buildActionMask = 2147483647;
			files = (
				B420A6F321555505000FCE2C /* UIView+Extensions.swift in Sources */,
				B453097E2154EC0700A5A74D /* SharedSequenceConvertibleType+Extensions.swift in Sources */,
				B4ED63132154ED9D00145508 /* URL+Extensions.swift in Sources */,
				B420A6ED21554F07000FCE2C /* ObservableType+Extensions.swift in Sources */,
				B4ED63142154EDA900145508 /* FileManager+Extensions.swift in Sources */,
				B420A6F121555340000FCE2C /* UIAlertController+Extensions.swift in Sources */,
				B420A6EF21554FFB000FCE2C /* Reactive+Extensions.swift in Sources */,
			);
			runOnlyForDeploymentPostprocessing = 0;
		};
		B46DB5A021533A1A007A135C /* Sources */ = {
			isa = PBXSourcesBuildPhase;
			buildActionMask = 2147483647;
			files = (
				B46DB5A721533A1A007A135C /* PlatformTests.swift in Sources */,
			);
			runOnlyForDeploymentPostprocessing = 0;
		};
		B483334D212202530043709A /* Sources */ = {
			isa = PBXSourcesBuildPhase;
			buildActionMask = 2147483647;
			files = (
				B4ED63172154EF7500145508 /* Application.swift in Sources */,
				B4ED63212154FA6400145508 /* Navigator.swift in Sources */,
				B4833357212202530043709A /* SearchSongsViewController.swift in Sources */,
				B4703F532153EE0200221467 /* SearchSongsViewModel.swift in Sources */,
				B421675A212CD8A500E723B3 /* ListSongsTableCell.swift in Sources */,
				B4833355212202530043709A /* AppDelegate.swift in Sources */,
				B4703F512153EDA200221467 /* ViewModelType.swift in Sources */,
				B47AAB5B215413C800EC7A95 /* ListSongsCellViewModel.swift in Sources */,
				B4848B68212CD61100C44F4A /* ListSongsViewController.swift in Sources */,
				B4703F552153FAF800221467 /* SearchSongsTableCell.swift in Sources */,
			);
			runOnlyForDeploymentPostprocessing = 0;
		};
		B4C131F72153216300571796 /* Sources */ = {
			isa = PBXSourcesBuildPhase;
			buildActionMask = 2147483647;
			files = (
				B4C1320F215321AF00571796 /* Song.swift in Sources */,
				B4C1320E215321AF00571796 /* UseCaseProviderType.swift in Sources */,
				B4C1320D215321AF00571796 /* SongUseCaseType.swift in Sources */,
			);
			runOnlyForDeploymentPostprocessing = 0;
		};
		B4ECE61A21550BC700E7FEA5 /* Sources */ = {
			isa = PBXSourcesBuildPhase;
			buildActionMask = 2147483647;
			files = (
				B49D04DB215510F200BA2A91 /* SearchSongsTableCell.swift in Sources */,
				B49D04DC215510F200BA2A91 /* SearchSongsViewController.swift in Sources */,
				B4891ABD21550E2E0080D08C /* Application.swift in Sources */,
				B49D04DD215510F200BA2A91 /* SearchSongsViewModel.swift in Sources */,
				B4ECE62721550BC700E7FEA5 /* Document.swift in Sources */,
				B4ECE62521550BC700E7FEA5 /* DocumentViewController.swift in Sources */,
				B4ECE62321550BC700E7FEA5 /* DocumentBrowserViewController.swift in Sources */,
				B4ECE62121550BC700E7FEA5 /* AppDelegate.swift in Sources */,
				B49D04E0215510FC00BA2A91 /* ViewModelType.swift in Sources */,
				B49D04DA215510F200BA2A91 /* Navigator.swift in Sources */,
			);
			runOnlyForDeploymentPostprocessing = 0;
		};
/* End PBXSourcesBuildPhase section */

/* Begin PBXTargetDependency section */
		B431FE762153235500874EBD /* PBXTargetDependency */ = {
			isa = PBXTargetDependency;
			target = B431FE6F2153235500874EBD /* Platform */;
			targetProxy = B431FE752153235500874EBD /* PBXContainerItemProxy */;
		};
		B431FE842153251A00874EBD /* PBXTargetDependency */ = {
			isa = PBXTargetDependency;
			target = B4C131FA2153216300571796 /* Domain */;
			targetProxy = B431FE832153251A00874EBD /* PBXContainerItemProxy */;
		};
		B45309722154EBB500A5A74D /* PBXTargetDependency */ = {
			isa = PBXTargetDependency;
			target = B453096B2154EBB500A5A74D /* Common */;
			targetProxy = B45309712154EBB500A5A74D /* PBXContainerItemProxy */;
		};
		B45309792154EBC600A5A74D /* PBXTargetDependency */ = {
			isa = PBXTargetDependency;
			target = B453096B2154EBB500A5A74D /* Common */;
			targetProxy = B45309782154EBC600A5A74D /* PBXContainerItemProxy */;
		};
		B453097B2154EBCC00A5A74D /* PBXTargetDependency */ = {
			isa = PBXTargetDependency;
			target = B453096B2154EBB500A5A74D /* Common */;
			targetProxy = B453097A2154EBCC00A5A74D /* PBXContainerItemProxy */;
		};
		B46DB5AB21533A1A007A135C /* PBXTargetDependency */ = {
			isa = PBXTargetDependency;
			target = B431FE6F2153235500874EBD /* Platform */;
			targetProxy = B46DB5AA21533A1A007A135C /* PBXContainerItemProxy */;
		};
		B4C132012153216300571796 /* PBXTargetDependency */ = {
			isa = PBXTargetDependency;
			target = B4C131FA2153216300571796 /* Domain */;
			targetProxy = B4C132002153216300571796 /* PBXContainerItemProxy */;
		};
		B4ECE63521550DBD00E7FEA5 /* PBXTargetDependency */ = {
			isa = PBXTargetDependency;
			target = B453096B2154EBB500A5A74D /* Common */;
			targetProxy = B4ECE63421550DBD00E7FEA5 /* PBXContainerItemProxy */;
		};
		B4ECE63721550DBD00E7FEA5 /* PBXTargetDependency */ = {
			isa = PBXTargetDependency;
			target = B4C131FA2153216300571796 /* Domain */;
			targetProxy = B4ECE63621550DBD00E7FEA5 /* PBXContainerItemProxy */;
		};
		B4ECE63921550DBD00E7FEA5 /* PBXTargetDependency */ = {
			isa = PBXTargetDependency;
			target = B431FE6F2153235500874EBD /* Platform */;
			targetProxy = B4ECE63821550DBD00E7FEA5 /* PBXContainerItemProxy */;
		};
/* End PBXTargetDependency section */

/* Begin PBXVariantGroup section */
		B4833358212202530043709A /* Main.storyboard */ = {
			isa = PBXVariantGroup;
			children = (
				B4833359212202530043709A /* Base */,
			);
			name = Main.storyboard;
			sourceTree = "<group>";
		};
		B483335D212202540043709A /* LaunchScreen.storyboard */ = {
			isa = PBXVariantGroup;
			children = (
				B483335E212202540043709A /* Base */,
			);
			name = LaunchScreen.storyboard;
			sourceTree = "<group>";
		};
		B4ECE62821550BC700E7FEA5 /* Main.storyboard */ = {
			isa = PBXVariantGroup;
			children = (
				B4ECE62921550BC700E7FEA5 /* Base */,
			);
			name = Main.storyboard;
			sourceTree = "<group>";
		};
		B4ECE62D21550BC800E7FEA5 /* LaunchScreen.storyboard */ = {
			isa = PBXVariantGroup;
			children = (
				B4ECE62E21550BC800E7FEA5 /* Base */,
			);
			name = LaunchScreen.storyboard;
			sourceTree = "<group>";
		};
/* End PBXVariantGroup section */

/* Begin XCBuildConfiguration section */
		B431FE7A2153235500874EBD /* Debug */ = {
			isa = XCBuildConfiguration;
			baseConfigurationReference = 181538C879066B4C6EC37257 /* Pods-AnastasiaMusic-Platform.debug.xcconfig */;
			buildSettings = {
				CLANG_ENABLE_MODULES = YES;
				CODE_SIGN_IDENTITY = "";
				CODE_SIGN_STYLE = Automatic;
				CURRENT_PROJECT_VERSION = 1;
				DEFINES_MODULE = YES;
				DEVELOPMENT_TEAM = D5X9AY3FVA;
				DYLIB_COMPATIBILITY_VERSION = 1;
				DYLIB_CURRENT_VERSION = 1;
				DYLIB_INSTALL_NAME_BASE = "@rpath";
				INFOPLIST_FILE = Platform/Info.plist;
				INSTALL_PATH = "$(LOCAL_LIBRARY_DIR)/Frameworks";
				LD_RUNPATH_SEARCH_PATHS = (
					"$(inherited)",
					"@executable_path/Frameworks",
					"@loader_path/Frameworks",
				);
				MTL_ENABLE_DEBUG_INFO = INCLUDE_SOURCE;
				MTL_FAST_MATH = YES;
				PRODUCT_BUNDLE_IDENTIFIER = com.epam.Platform;
				PRODUCT_NAME = "$(TARGET_NAME:c99extidentifier)";
				SKIP_INSTALL = YES;
				SWIFT_OPTIMIZATION_LEVEL = "-Onone";
				TARGETED_DEVICE_FAMILY = "1,2";
				VERSIONING_SYSTEM = "apple-generic";
				VERSION_INFO_PREFIX = "";
			};
			name = Debug;
		};
		B431FE7B2153235500874EBD /* Release */ = {
			isa = XCBuildConfiguration;
			baseConfigurationReference = 305F0C5254EE76E5B64D3692 /* Pods-AnastasiaMusic-Platform.release.xcconfig */;
			buildSettings = {
				CLANG_ENABLE_MODULES = YES;
				CODE_SIGN_IDENTITY = "";
				CODE_SIGN_STYLE = Automatic;
				CURRENT_PROJECT_VERSION = 1;
				DEFINES_MODULE = YES;
				DEVELOPMENT_TEAM = D5X9AY3FVA;
				DYLIB_COMPATIBILITY_VERSION = 1;
				DYLIB_CURRENT_VERSION = 1;
				DYLIB_INSTALL_NAME_BASE = "@rpath";
				INFOPLIST_FILE = Platform/Info.plist;
				INSTALL_PATH = "$(LOCAL_LIBRARY_DIR)/Frameworks";
				LD_RUNPATH_SEARCH_PATHS = (
					"$(inherited)",
					"@executable_path/Frameworks",
					"@loader_path/Frameworks",
				);
				MTL_FAST_MATH = YES;
				PRODUCT_BUNDLE_IDENTIFIER = com.epam.Platform;
				PRODUCT_NAME = "$(TARGET_NAME:c99extidentifier)";
				SKIP_INSTALL = YES;
				TARGETED_DEVICE_FAMILY = "1,2";
				VERSIONING_SYSTEM = "apple-generic";
				VERSION_INFO_PREFIX = "";
			};
			name = Release;
		};
		B45309762154EBB500A5A74D /* Debug */ = {
			isa = XCBuildConfiguration;
			baseConfigurationReference = 9102287C4D9AD4C712904FA1 /* Pods-AnastasiaMusic-Common.debug.xcconfig */;
			buildSettings = {
				CLANG_ENABLE_MODULES = YES;
				CODE_SIGN_IDENTITY = "";
				CODE_SIGN_STYLE = Automatic;
				CURRENT_PROJECT_VERSION = 1;
				DEFINES_MODULE = YES;
				DEVELOPMENT_TEAM = D5X9AY3FVA;
				DYLIB_COMPATIBILITY_VERSION = 1;
				DYLIB_CURRENT_VERSION = 1;
				DYLIB_INSTALL_NAME_BASE = "@rpath";
				INFOPLIST_FILE = Common/Info.plist;
				INSTALL_PATH = "$(LOCAL_LIBRARY_DIR)/Frameworks";
				LD_RUNPATH_SEARCH_PATHS = (
					"$(inherited)",
					"@executable_path/Frameworks",
					"@loader_path/Frameworks",
				);
				MTL_ENABLE_DEBUG_INFO = INCLUDE_SOURCE;
				MTL_FAST_MATH = YES;
				PRODUCT_BUNDLE_IDENTIFIER = com.epam.Common;
				PRODUCT_NAME = "$(TARGET_NAME:c99extidentifier)";
				SKIP_INSTALL = YES;
				SWIFT_OPTIMIZATION_LEVEL = "-Onone";
				TARGETED_DEVICE_FAMILY = "1,2";
				VERSIONING_SYSTEM = "apple-generic";
				VERSION_INFO_PREFIX = "";
			};
			name = Debug;
		};
		B45309772154EBB500A5A74D /* Release */ = {
			isa = XCBuildConfiguration;
			baseConfigurationReference = 972F66D215746D953A656602 /* Pods-AnastasiaMusic-Common.release.xcconfig */;
			buildSettings = {
				CLANG_ENABLE_MODULES = YES;
				CODE_SIGN_IDENTITY = "";
				CODE_SIGN_STYLE = Automatic;
				CURRENT_PROJECT_VERSION = 1;
				DEFINES_MODULE = YES;
				DEVELOPMENT_TEAM = D5X9AY3FVA;
				DYLIB_COMPATIBILITY_VERSION = 1;
				DYLIB_CURRENT_VERSION = 1;
				DYLIB_INSTALL_NAME_BASE = "@rpath";
				INFOPLIST_FILE = Common/Info.plist;
				INSTALL_PATH = "$(LOCAL_LIBRARY_DIR)/Frameworks";
				LD_RUNPATH_SEARCH_PATHS = (
					"$(inherited)",
					"@executable_path/Frameworks",
					"@loader_path/Frameworks",
				);
				MTL_FAST_MATH = YES;
				PRODUCT_BUNDLE_IDENTIFIER = com.epam.Common;
				PRODUCT_NAME = "$(TARGET_NAME:c99extidentifier)";
				SKIP_INSTALL = YES;
				TARGETED_DEVICE_FAMILY = "1,2";
				VERSIONING_SYSTEM = "apple-generic";
				VERSION_INFO_PREFIX = "";
			};
			name = Release;
		};
		B46DB5AD21533A1A007A135C /* Debug */ = {
			isa = XCBuildConfiguration;
			baseConfigurationReference = 48CFB8D6A4C17870C8676484 /* Pods-AnastasiaMusic-PlatformTests.debug.xcconfig */;
			buildSettings = {
				CODE_SIGN_STYLE = Automatic;
				DEVELOPMENT_TEAM = GFN9SKWLAD;
				INFOPLIST_FILE = PlatformTests/Info.plist;
				IPHONEOS_DEPLOYMENT_TARGET = 12.0;
				LD_RUNPATH_SEARCH_PATHS = (
					"$(inherited)",
					"@executable_path/Frameworks",
					"@loader_path/Frameworks",
				);
				MTL_ENABLE_DEBUG_INFO = INCLUDE_SOURCE;
				MTL_FAST_MATH = YES;
				PRODUCT_BUNDLE_IDENTIFIER = com.epam.PlatformTests;
				PRODUCT_NAME = "$(TARGET_NAME)";
				TARGETED_DEVICE_FAMILY = "1,2";
			};
			name = Debug;
		};
		B46DB5AE21533A1A007A135C /* Release */ = {
			isa = XCBuildConfiguration;
			baseConfigurationReference = EADFEA3E82865894725AC4DD /* Pods-AnastasiaMusic-PlatformTests.release.xcconfig */;
			buildSettings = {
				CODE_SIGN_STYLE = Automatic;
				DEVELOPMENT_TEAM = GFN9SKWLAD;
				INFOPLIST_FILE = PlatformTests/Info.plist;
				IPHONEOS_DEPLOYMENT_TARGET = 12.0;
				LD_RUNPATH_SEARCH_PATHS = (
					"$(inherited)",
					"@executable_path/Frameworks",
					"@loader_path/Frameworks",
				);
				MTL_FAST_MATH = YES;
				PRODUCT_BUNDLE_IDENTIFIER = com.epam.PlatformTests;
				PRODUCT_NAME = "$(TARGET_NAME)";
				TARGETED_DEVICE_FAMILY = "1,2";
			};
			name = Release;
		};
		B4833361212202540043709A /* Debug */ = {
			isa = XCBuildConfiguration;
			buildSettings = {
				ALWAYS_SEARCH_USER_PATHS = NO;
				CLANG_ANALYZER_NONNULL = YES;
				CLANG_ANALYZER_NUMBER_OBJECT_CONVERSION = YES_AGGRESSIVE;
				CLANG_CXX_LANGUAGE_STANDARD = "gnu++14";
				CLANG_CXX_LIBRARY = "libc++";
				CLANG_ENABLE_MODULES = YES;
				CLANG_ENABLE_OBJC_ARC = YES;
				CLANG_ENABLE_OBJC_WEAK = YES;
				CLANG_WARN_BLOCK_CAPTURE_AUTORELEASING = YES;
				CLANG_WARN_BOOL_CONVERSION = YES;
				CLANG_WARN_COMMA = YES;
				CLANG_WARN_CONSTANT_CONVERSION = YES;
				CLANG_WARN_DEPRECATED_OBJC_IMPLEMENTATIONS = YES;
				CLANG_WARN_DIRECT_OBJC_ISA_USAGE = YES_ERROR;
				CLANG_WARN_DOCUMENTATION_COMMENTS = YES;
				CLANG_WARN_EMPTY_BODY = YES;
				CLANG_WARN_ENUM_CONVERSION = YES;
				CLANG_WARN_INFINITE_RECURSION = YES;
				CLANG_WARN_INT_CONVERSION = YES;
				CLANG_WARN_NON_LITERAL_NULL_CONVERSION = YES;
				CLANG_WARN_OBJC_IMPLICIT_RETAIN_SELF = YES;
				CLANG_WARN_OBJC_LITERAL_CONVERSION = YES;
				CLANG_WARN_OBJC_ROOT_CLASS = YES_ERROR;
				CLANG_WARN_RANGE_LOOP_ANALYSIS = YES;
				CLANG_WARN_STRICT_PROTOTYPES = YES;
				CLANG_WARN_SUSPICIOUS_MOVE = YES;
				CLANG_WARN_UNGUARDED_AVAILABILITY = YES_AGGRESSIVE;
				CLANG_WARN_UNREACHABLE_CODE = YES;
				CLANG_WARN__DUPLICATE_METHOD_MATCH = YES;
				CODE_SIGN_IDENTITY = "iPhone Developer";
				COPY_PHASE_STRIP = NO;
				DEBUG_INFORMATION_FORMAT = dwarf;
				ENABLE_STRICT_OBJC_MSGSEND = YES;
				ENABLE_TESTABILITY = YES;
				GCC_C_LANGUAGE_STANDARD = gnu11;
				GCC_DYNAMIC_NO_PIC = NO;
				GCC_NO_COMMON_BLOCKS = YES;
				GCC_OPTIMIZATION_LEVEL = 0;
				GCC_PREPROCESSOR_DEFINITIONS = (
					"DEBUG=1",
					"$(inherited)",
				);
				GCC_WARN_64_TO_32_BIT_CONVERSION = YES;
				GCC_WARN_ABOUT_RETURN_TYPE = YES_ERROR;
				GCC_WARN_UNDECLARED_SELECTOR = YES;
				GCC_WARN_UNINITIALIZED_AUTOS = YES_AGGRESSIVE;
				GCC_WARN_UNUSED_FUNCTION = YES;
				GCC_WARN_UNUSED_VARIABLE = YES;
				IPHONEOS_DEPLOYMENT_TARGET = 11.4;
				MTL_ENABLE_DEBUG_INFO = YES;
				ONLY_ACTIVE_ARCH = YES;
				SDKROOT = iphoneos;
				SWIFT_ACTIVE_COMPILATION_CONDITIONS = DEBUG;
				SWIFT_OPTIMIZATION_LEVEL = "-Onone";
				SWIFT_VERSION = 4.0;
			};
			name = Debug;
		};
		B4833362212202540043709A /* Release */ = {
			isa = XCBuildConfiguration;
			buildSettings = {
				ALWAYS_SEARCH_USER_PATHS = NO;
				CLANG_ANALYZER_NONNULL = YES;
				CLANG_ANALYZER_NUMBER_OBJECT_CONVERSION = YES_AGGRESSIVE;
				CLANG_CXX_LANGUAGE_STANDARD = "gnu++14";
				CLANG_CXX_LIBRARY = "libc++";
				CLANG_ENABLE_MODULES = YES;
				CLANG_ENABLE_OBJC_ARC = YES;
				CLANG_ENABLE_OBJC_WEAK = YES;
				CLANG_WARN_BLOCK_CAPTURE_AUTORELEASING = YES;
				CLANG_WARN_BOOL_CONVERSION = YES;
				CLANG_WARN_COMMA = YES;
				CLANG_WARN_CONSTANT_CONVERSION = YES;
				CLANG_WARN_DEPRECATED_OBJC_IMPLEMENTATIONS = YES;
				CLANG_WARN_DIRECT_OBJC_ISA_USAGE = YES_ERROR;
				CLANG_WARN_DOCUMENTATION_COMMENTS = YES;
				CLANG_WARN_EMPTY_BODY = YES;
				CLANG_WARN_ENUM_CONVERSION = YES;
				CLANG_WARN_INFINITE_RECURSION = YES;
				CLANG_WARN_INT_CONVERSION = YES;
				CLANG_WARN_NON_LITERAL_NULL_CONVERSION = YES;
				CLANG_WARN_OBJC_IMPLICIT_RETAIN_SELF = YES;
				CLANG_WARN_OBJC_LITERAL_CONVERSION = YES;
				CLANG_WARN_OBJC_ROOT_CLASS = YES_ERROR;
				CLANG_WARN_RANGE_LOOP_ANALYSIS = YES;
				CLANG_WARN_STRICT_PROTOTYPES = YES;
				CLANG_WARN_SUSPICIOUS_MOVE = YES;
				CLANG_WARN_UNGUARDED_AVAILABILITY = YES_AGGRESSIVE;
				CLANG_WARN_UNREACHABLE_CODE = YES;
				CLANG_WARN__DUPLICATE_METHOD_MATCH = YES;
				CODE_SIGN_IDENTITY = "iPhone Developer";
				COPY_PHASE_STRIP = NO;
				DEBUG_INFORMATION_FORMAT = "dwarf-with-dsym";
				ENABLE_NS_ASSERTIONS = NO;
				ENABLE_STRICT_OBJC_MSGSEND = YES;
				GCC_C_LANGUAGE_STANDARD = gnu11;
				GCC_NO_COMMON_BLOCKS = YES;
				GCC_WARN_64_TO_32_BIT_CONVERSION = YES;
				GCC_WARN_ABOUT_RETURN_TYPE = YES_ERROR;
				GCC_WARN_UNDECLARED_SELECTOR = YES;
				GCC_WARN_UNINITIALIZED_AUTOS = YES_AGGRESSIVE;
				GCC_WARN_UNUSED_FUNCTION = YES;
				GCC_WARN_UNUSED_VARIABLE = YES;
				IPHONEOS_DEPLOYMENT_TARGET = 11.4;
				MTL_ENABLE_DEBUG_INFO = NO;
				SDKROOT = iphoneos;
				SWIFT_COMPILATION_MODE = wholemodule;
				SWIFT_OPTIMIZATION_LEVEL = "-O";
				SWIFT_VERSION = 4.0;
				VALIDATE_PRODUCT = YES;
			};
			name = Release;
		};
		B4833364212202540043709A /* Debug */ = {
			isa = XCBuildConfiguration;
			baseConfigurationReference = 389DB28080B0D79313A2ECDF /* Pods-AnastasiaMusic.debug.xcconfig */;
			buildSettings = {
				ALWAYS_EMBED_SWIFT_STANDARD_LIBRARIES = YES;
				ASSETCATALOG_COMPILER_APPICON_NAME = AppIcon;
				CODE_SIGN_STYLE = Automatic;
				DEVELOPMENT_TEAM = D5X9AY3FVA;
				INFOPLIST_FILE = AnastasiaMusic/Info.plist;
				LD_RUNPATH_SEARCH_PATHS = (
					"$(inherited)",
					"@executable_path/Frameworks",
				);
				PRODUCT_BUNDLE_IDENTIFIER = com.wiseland.AnastasiaMusic;
				PRODUCT_NAME = "$(TARGET_NAME)";
				SWIFT_VERSION = 4.0;
				TARGETED_DEVICE_FAMILY = "1,2";
			};
			name = Debug;
		};
		B4833365212202540043709A /* Release */ = {
			isa = XCBuildConfiguration;
			baseConfigurationReference = 53093FFEDBAB524F99CED3F4 /* Pods-AnastasiaMusic.release.xcconfig */;
			buildSettings = {
				ALWAYS_EMBED_SWIFT_STANDARD_LIBRARIES = YES;
				ASSETCATALOG_COMPILER_APPICON_NAME = AppIcon;
				CODE_SIGN_STYLE = Automatic;
				DEVELOPMENT_TEAM = D5X9AY3FVA;
				INFOPLIST_FILE = AnastasiaMusic/Info.plist;
				LD_RUNPATH_SEARCH_PATHS = (
					"$(inherited)",
					"@executable_path/Frameworks",
				);
				PRODUCT_BUNDLE_IDENTIFIER = com.wiseland.AnastasiaMusic;
				PRODUCT_NAME = "$(TARGET_NAME)";
				SWIFT_VERSION = 4.0;
				TARGETED_DEVICE_FAMILY = "1,2";
			};
			name = Release;
		};
		B4C132052153216300571796 /* Debug */ = {
			isa = XCBuildConfiguration;
			baseConfigurationReference = 0CC070557ACB18570C6546ED /* Pods-AnastasiaMusic-Domain.debug.xcconfig */;
			buildSettings = {
				CODE_SIGN_IDENTITY = "";
				CODE_SIGN_STYLE = Automatic;
				CURRENT_PROJECT_VERSION = 1;
				DEFINES_MODULE = YES;
				DEVELOPMENT_TEAM = D5X9AY3FVA;
				DYLIB_COMPATIBILITY_VERSION = 1;
				DYLIB_CURRENT_VERSION = 1;
				DYLIB_INSTALL_NAME_BASE = "@rpath";
				INFOPLIST_FILE = Domain/Info.plist;
				INSTALL_PATH = "$(LOCAL_LIBRARY_DIR)/Frameworks";
				LD_RUNPATH_SEARCH_PATHS = (
					"$(inherited)",
					"@executable_path/Frameworks",
					"@loader_path/Frameworks",
				);
				MTL_ENABLE_DEBUG_INFO = INCLUDE_SOURCE;
				MTL_FAST_MATH = YES;
				PRODUCT_BUNDLE_IDENTIFIER = com.epam.Domain;
				PRODUCT_NAME = "$(TARGET_NAME:c99extidentifier)";
				SKIP_INSTALL = YES;
				TARGETED_DEVICE_FAMILY = "1,2";
				VERSIONING_SYSTEM = "apple-generic";
				VERSION_INFO_PREFIX = "";
			};
			name = Debug;
		};
		B4C132062153216300571796 /* Release */ = {
			isa = XCBuildConfiguration;
			baseConfigurationReference = 2B26EAA4870B7C7F54474DBF /* Pods-AnastasiaMusic-Domain.release.xcconfig */;
			buildSettings = {
				CODE_SIGN_IDENTITY = "";
				CODE_SIGN_STYLE = Automatic;
				CURRENT_PROJECT_VERSION = 1;
				DEFINES_MODULE = YES;
				DEVELOPMENT_TEAM = D5X9AY3FVA;
				DYLIB_COMPATIBILITY_VERSION = 1;
				DYLIB_CURRENT_VERSION = 1;
				DYLIB_INSTALL_NAME_BASE = "@rpath";
				INFOPLIST_FILE = Domain/Info.plist;
				INSTALL_PATH = "$(LOCAL_LIBRARY_DIR)/Frameworks";
				LD_RUNPATH_SEARCH_PATHS = (
					"$(inherited)",
					"@executable_path/Frameworks",
					"@loader_path/Frameworks",
				);
				MTL_FAST_MATH = YES;
				PRODUCT_BUNDLE_IDENTIFIER = com.epam.Domain;
				PRODUCT_NAME = "$(TARGET_NAME:c99extidentifier)";
				SKIP_INSTALL = YES;
				TARGETED_DEVICE_FAMILY = "1,2";
				VERSIONING_SYSTEM = "apple-generic";
				VERSION_INFO_PREFIX = "";
			};
			name = Release;
		};
		B4ECE63121550BC800E7FEA5 /* Debug */ = {
			isa = XCBuildConfiguration;
			baseConfigurationReference = 6FECD44F9C0793B4A6BD450E /* Pods-AnastasiaMusic-AnastasiaMusicFiles.debug.xcconfig */;
			buildSettings = {
				ALWAYS_EMBED_SWIFT_STANDARD_LIBRARIES = YES;
				ASSETCATALOG_COMPILER_APPICON_NAME = AppIcon;
				CODE_SIGN_STYLE = Automatic;
				DEVELOPMENT_TEAM = D5X9AY3FVA;
				INFOPLIST_FILE = AnastasiaMusicFiles/Info.plist;
				LD_RUNPATH_SEARCH_PATHS = (
					"$(inherited)",
					"@executable_path/Frameworks",
				);
				MTL_ENABLE_DEBUG_INFO = INCLUDE_SOURCE;
				MTL_FAST_MATH = YES;
				PRODUCT_BUNDLE_IDENTIFIER = com.wiseland.AnastasiaMusicFiles;
				PRODUCT_NAME = "$(TARGET_NAME)";
				TARGETED_DEVICE_FAMILY = "1,2";
			};
			name = Debug;
		};
		B4ECE63221550BC800E7FEA5 /* Release */ = {
			isa = XCBuildConfiguration;
			baseConfigurationReference = 22B9994B2B7F8DAB16EFA111 /* Pods-AnastasiaMusic-AnastasiaMusicFiles.release.xcconfig */;
			buildSettings = {
				ALWAYS_EMBED_SWIFT_STANDARD_LIBRARIES = YES;
				ASSETCATALOG_COMPILER_APPICON_NAME = AppIcon;
				CODE_SIGN_STYLE = Automatic;
				DEVELOPMENT_TEAM = D5X9AY3FVA;
				INFOPLIST_FILE = AnastasiaMusicFiles/Info.plist;
				LD_RUNPATH_SEARCH_PATHS = (
					"$(inherited)",
					"@executable_path/Frameworks",
				);
				MTL_FAST_MATH = YES;
				PRODUCT_BUNDLE_IDENTIFIER = com.wiseland.AnastasiaMusicFiles;
				PRODUCT_NAME = "$(TARGET_NAME)";
				TARGETED_DEVICE_FAMILY = "1,2";
			};
			name = Release;
		};
/* End XCBuildConfiguration section */

/* Begin XCConfigurationList section */
		B431FE792153235500874EBD /* Build configuration list for PBXNativeTarget "Platform" */ = {
			isa = XCConfigurationList;
			buildConfigurations = (
				B431FE7A2153235500874EBD /* Debug */,
				B431FE7B2153235500874EBD /* Release */,
			);
			defaultConfigurationIsVisible = 0;
			defaultConfigurationName = Release;
		};
		B45309752154EBB500A5A74D /* Build configuration list for PBXNativeTarget "Common" */ = {
			isa = XCConfigurationList;
			buildConfigurations = (
				B45309762154EBB500A5A74D /* Debug */,
				B45309772154EBB500A5A74D /* Release */,
			);
			defaultConfigurationIsVisible = 0;
			defaultConfigurationName = Release;
		};
		B46DB5AC21533A1A007A135C /* Build configuration list for PBXNativeTarget "PlatformTests" */ = {
			isa = XCConfigurationList;
			buildConfigurations = (
				B46DB5AD21533A1A007A135C /* Debug */,
				B46DB5AE21533A1A007A135C /* Release */,
			);
			defaultConfigurationIsVisible = 0;
			defaultConfigurationName = Release;
		};
		B483334C212202530043709A /* Build configuration list for PBXProject "AnastasiaMusic" */ = {
			isa = XCConfigurationList;
			buildConfigurations = (
				B4833361212202540043709A /* Debug */,
				B4833362212202540043709A /* Release */,
			);
			defaultConfigurationIsVisible = 0;
			defaultConfigurationName = Release;
		};
		B4833363212202540043709A /* Build configuration list for PBXNativeTarget "AnastasiaMusic" */ = {
			isa = XCConfigurationList;
			buildConfigurations = (
				B4833364212202540043709A /* Debug */,
				B4833365212202540043709A /* Release */,
			);
			defaultConfigurationIsVisible = 0;
			defaultConfigurationName = Release;
		};
		B4C132042153216300571796 /* Build configuration list for PBXNativeTarget "Domain" */ = {
			isa = XCConfigurationList;
			buildConfigurations = (
				B4C132052153216300571796 /* Debug */,
				B4C132062153216300571796 /* Release */,
			);
			defaultConfigurationIsVisible = 0;
			defaultConfigurationName = Release;
		};
		B4ECE63321550BC800E7FEA5 /* Build configuration list for PBXNativeTarget "AnastasiaMusicFiles" */ = {
			isa = XCConfigurationList;
			buildConfigurations = (
				B4ECE63121550BC800E7FEA5 /* Debug */,
				B4ECE63221550BC800E7FEA5 /* Release */,
			);
			defaultConfigurationIsVisible = 0;
			defaultConfigurationName = Release;
		};
/* End XCConfigurationList section */
	};
	rootObject = B4833349212202530043709A /* Project object */;
}
